<?xml version="1.0" encoding="UTF-8"?>
<!DOCTYPE plist PUBLIC "-//Apple//DTD PLIST 1.0//EN" "http://www.apple.com/DTDs/PropertyList-1.0.dtd">
<plist version="1.0">
<dict>
	<key>archiveVersion</key>
	<string>1</string>
	<key>classes</key>
	<dict/>
	<key>objectVersion</key>
	<string>46</string>
	<key>objects</key>
	<dict>
		<key>0103AEDEAB852E35D68B3772</key>
		<dict>
			<key>buildActionMask</key>
			<string>2147483647</string>
			<key>files</key>
			<array/>
			<key>inputPaths</key>
			<array/>
			<key>isa</key>
			<string>PBXShellScriptBuildPhase</string>
			<key>name</key>
			<string>Check Pods Manifest.lock</string>
			<key>outputPaths</key>
			<array/>
			<key>runOnlyForDeploymentPostprocessing</key>
			<string>0</string>
			<key>shellPath</key>
			<string>/bin/sh</string>
			<key>shellScript</key>
			<string>diff "${PODS_ROOT}/../Podfile.lock" "${PODS_ROOT}/Manifest.lock" &gt; /dev/null
if [[ $? != 0 ]] ; then
    cat &lt;&lt; EOM
error: The sandbox is not in sync with the Podfile.lock. Run 'pod install' or update your CocoaPods installation.
EOM
    exit 1
fi
</string>
			<key>showEnvVarsInLog</key>
			<string>0</string>
		</dict>
		<key>2E44ACDA1C94643400965DFA</key>
		<dict>
			<key>children</key>
			<array>
				<string>2E44ACDB1C94647200965DFA</string>
				<string>2E44ACDC1C94647200965DFA</string>
			</array>
			<key>isa</key>
			<string>PBXGroup</string>
			<key>path</key>
			<string>SAPObjectCache</string>
			<key>sourceTree</key>
			<string>&lt;group&gt;</string>
		</dict>
		<key>2E44ACDB1C94647200965DFA</key>
		<dict>
			<key>fileEncoding</key>
			<string>4</string>
			<key>isa</key>
			<string>PBXFileReference</string>
			<key>lastKnownFileType</key>
			<string>sourcecode.c.h</string>
			<key>path</key>
			<string>SAPObjectCache.h</string>
			<key>sourceTree</key>
			<string>&lt;group&gt;</string>
		</dict>
		<key>2E44ACDC1C94647200965DFA</key>
		<dict>
			<key>fileEncoding</key>
			<string>4</string>
			<key>isa</key>
			<string>PBXFileReference</string>
			<key>lastKnownFileType</key>
			<string>sourcecode.c.objc</string>
			<key>path</key>
			<string>SAPObjectCache.m</string>
			<key>sourceTree</key>
			<string>&lt;group&gt;</string>
		</dict>
		<key>2E44ACDD1C94647200965DFA</key>
		<dict>
			<key>fileRef</key>
			<string>2E44ACDC1C94647200965DFA</string>
			<key>isa</key>
			<string>PBXBuildFile</string>
		</dict>
		<key>2ED4B5751C983E67001670F6</key>
		<dict>
			<key>children</key>
			<array>
				<string>ED29099FBEDCCA134C5A005C</string>
			</array>
			<key>isa</key>
			<string>PBXGroup</string>
			<key>path</key>
			<string>Frameworks</string>
			<key>sourceTree</key>
			<string>&lt;group&gt;</string>
		</dict>
		<key>36886B54E45E42B81D98EA7F</key>
		<dict>
			<key>buildActionMask</key>
			<string>2147483647</string>
			<key>files</key>
			<array/>
			<key>inputPaths</key>
			<array/>
			<key>isa</key>
			<string>PBXShellScriptBuildPhase</string>
			<key>name</key>
			<string>Copy Pods Resources</string>
			<key>outputPaths</key>
			<array/>
			<key>runOnlyForDeploymentPostprocessing</key>
			<string>0</string>
			<key>shellPath</key>
			<string>/bin/sh</string>
			<key>shellScript</key>
			<string>"${SRCROOT}/Pods/Target Support Files/Pods-IOSProject/Pods-IOSProject-resources.sh"
</string>
			<key>showEnvVarsInLog</key>
			<string>0</string>
		</dict>
		<key>9B952EB84FC46D3E3BD237E6</key>
		<dict>
			<key>buildActionMask</key>
			<string>2147483647</string>
			<key>files</key>
			<array/>
			<key>inputPaths</key>
			<array/>
			<key>isa</key>
			<string>PBXShellScriptBuildPhase</string>
			<key>name</key>
			<string>Embed Pods Frameworks</string>
			<key>outputPaths</key>
			<array/>
			<key>runOnlyForDeploymentPostprocessing</key>
			<string>0</string>
			<key>shellPath</key>
			<string>/bin/sh</string>
			<key>shellScript</key>
			<string>"${SRCROOT}/Pods/Target Support Files/Pods-IOSProject/Pods-IOSProject-frameworks.sh"
</string>
			<key>showEnvVarsInLog</key>
			<string>0</string>
		</dict>
		<key>9C3A0C6027376A0B84EA06B0</key>
		<dict>
			<key>includeInIndex</key>
			<string>1</string>
			<key>isa</key>
			<string>PBXFileReference</string>
			<key>lastKnownFileType</key>
			<string>text.xcconfig</string>
			<key>name</key>
			<string>Pods-IOSProject.debug.xcconfig</string>
			<key>path</key>
			<string>Pods/Target Support Files/Pods-IOSProject/Pods-IOSProject.debug.xcconfig</string>
			<key>sourceTree</key>
			<string>&lt;group&gt;</string>
		</dict>
		<key>A08E58E7964384F4D58E6AE4</key>
		<dict>
			<key>children</key>
			<array>
				<string>9C3A0C6027376A0B84EA06B0</string>
				<string>BD9AF0381EE1D59B93A1DB91</string>
			</array>
			<key>isa</key>
			<string>PBXGroup</string>
			<key>name</key>
			<string>Pods</string>
			<key>sourceTree</key>
			<string>&lt;group&gt;</string>
		</dict>
		<key>BCCE3BA8393D8C73DFFE3BA9</key>
		<dict>
			<key>fileRef</key>
			<string>ED29099FBEDCCA134C5A005C</string>
			<key>isa</key>
			<string>PBXBuildFile</string>
		</dict>
		<key>BD9AF0381EE1D59B93A1DB91</key>
		<dict>
			<key>includeInIndex</key>
			<string>1</string>
			<key>isa</key>
			<string>PBXFileReference</string>
			<key>lastKnownFileType</key>
			<string>text.xcconfig</string>
			<key>name</key>
			<string>Pods-IOSProject.release.xcconfig</string>
			<key>path</key>
			<string>Pods/Target Support Files/Pods-IOSProject/Pods-IOSProject.release.xcconfig</string>
			<key>sourceTree</key>
			<string>&lt;group&gt;</string>
		</dict>
		<key>BECC6ACF1C5A907500F96AC9</key>
		<dict>
			<key>fileEncoding</key>
			<string>4</string>
			<key>isa</key>
			<string>PBXFileReference</string>
			<key>lastKnownFileType</key>
			<string>sourcecode.c.h</string>
			<key>path</key>
			<string>SAPAppDelegate.h</string>
			<key>sourceTree</key>
			<string>&lt;group&gt;</string>
		</dict>
		<key>BECC6AD01C5A907500F96AC9</key>
		<dict>
			<key>fileEncoding</key>
			<string>4</string>
			<key>isa</key>
			<string>PBXFileReference</string>
			<key>lastKnownFileType</key>
			<string>sourcecode.c.objc</string>
			<key>path</key>
			<string>SAPAppDelegate.m</string>
			<key>sourceTree</key>
			<string>&lt;group&gt;</string>
		</dict>
		<key>BECC6AD11C5A907500F96AC9</key>
		<dict>
			<key>fileRef</key>
			<string>BECC6AD01C5A907500F96AC9</string>
			<key>isa</key>
			<string>PBXBuildFile</string>
		</dict>
		<key>CA4AA8941C5BC6E100B1CBEC</key>
		<dict>
			<key>children</key>
			<array>
				<string>CAC751D81C8DBEED00265578</string>
				<string>CAC751C01C85F35400265578</string>
				<string>CAC751901C847A4600265578</string>
				<string>CAC751AE1C85B35D00265578</string>
				<string>CA4B3F7F1C7DE8DE00440914</string>
				<string>CA4B3F3B1C74C9B200440914</string>
				<string>CA4B3EF11C6B8CB100440914</string>
				<string>CA4B3EE11C6A2DDF00440914</string>
				<string>CA634BD01C67C0EA00DAED4E</string>
				<string>CA634BBF1C63B96C00DAED4E</string>
				<string>CA634BBB1C63B93100DAED4E</string>
			</array>
			<key>isa</key>
			<string>PBXGroup</string>
			<key>path</key>
			<string>Categories</string>
			<key>sourceTree</key>
			<string>&lt;group&gt;</string>
		</dict>
		<key>CA4B3EE11C6A2DDF00440914</key>
		<dict>
			<key>children</key>
			<array>
				<string>CA4B3EE21C6A2DF900440914</string>
				<string>CA4B3EE31C6A2DF900440914</string>
			</array>
			<key>isa</key>
			<string>PBXGroup</string>
			<key>path</key>
			<string>UINib</string>
			<key>sourceTree</key>
			<string>&lt;group&gt;</string>
		</dict>
		<key>CA4B3EE21C6A2DF900440914</key>
		<dict>
			<key>fileEncoding</key>
			<string>4</string>
			<key>isa</key>
			<string>PBXFileReference</string>
			<key>lastKnownFileType</key>
			<string>sourcecode.c.h</string>
			<key>path</key>
			<string>UINib+SAPExtensions.h</string>
			<key>sourceTree</key>
			<string>&lt;group&gt;</string>
		</dict>
		<key>CA4B3EE31C6A2DF900440914</key>
		<dict>
			<key>fileEncoding</key>
			<string>4</string>
			<key>isa</key>
			<string>PBXFileReference</string>
			<key>lastKnownFileType</key>
			<string>sourcecode.c.objc</string>
			<key>path</key>
			<string>UINib+SAPExtensions.m</string>
			<key>sourceTree</key>
			<string>&lt;group&gt;</string>
		</dict>
		<key>CA4B3EE41C6A2DF900440914</key>
		<dict>
			<key>fileRef</key>
			<string>CA4B3EE31C6A2DF900440914</string>
			<key>isa</key>
			<string>PBXBuildFile</string>
		</dict>
		<key>CA4B3EF11C6B8CB100440914</key>
		<dict>
			<key>children</key>
			<array>
				<string>CA4B3EF21C6B8CDE00440914</string>
				<string>CA4B3EF31C6B8CDE00440914</string>
			</array>
			<key>isa</key>
			<string>PBXGroup</string>
			<key>path</key>
			<string>UITableView</string>
			<key>sourceTree</key>
			<string>&lt;group&gt;</string>
		</dict>
		<key>CA4B3EF21C6B8CDE00440914</key>
		<dict>
			<key>fileEncoding</key>
			<string>4</string>
			<key>isa</key>
			<string>PBXFileReference</string>
			<key>lastKnownFileType</key>
			<string>sourcecode.c.h</string>
			<key>path</key>
			<string>UITableView+SAPExtensions.h</string>
			<key>sourceTree</key>
			<string>&lt;group&gt;</string>
		</dict>
		<key>CA4B3EF31C6B8CDE00440914</key>
		<dict>
			<key>fileEncoding</key>
			<string>4</string>
			<key>isa</key>
			<string>PBXFileReference</string>
			<key>lastKnownFileType</key>
			<string>sourcecode.c.objc</string>
			<key>path</key>
			<string>UITableView+SAPExtensions.m</string>
			<key>sourceTree</key>
			<string>&lt;group&gt;</string>
		</dict>
		<key>CA4B3EF41C6B8CDE00440914</key>
		<dict>
			<key>fileRef</key>
			<string>CA4B3EF31C6B8CDE00440914</string>
			<key>isa</key>
			<string>PBXBuildFile</string>
		</dict>
		<key>CA4B3EF51C6BBB5400440914</key>
		<dict>
			<key>isa</key>
			<string>PBXFileReference</string>
			<key>lastKnownFileType</key>
			<string>image.png</string>
			<key>path</key>
			<string>Add User-48.png</string>
			<key>sourceTree</key>
			<string>&lt;group&gt;</string>
		</dict>
		<key>CA4B3EF61C6BBB5400440914</key>
		<dict>
			<key>isa</key>
			<string>PBXFileReference</string>
			<key>lastKnownFileType</key>
			<string>image.jpeg</string>
			<key>path</key>
			<string>Add_User-48.jpg</string>
			<key>sourceTree</key>
			<string>&lt;group&gt;</string>
		</dict>
		<key>CA4B3EF71C6BBB5400440914</key>
		<dict>
			<key>fileRef</key>
			<string>CA4B3EF51C6BBB5400440914</string>
			<key>isa</key>
			<string>PBXBuildFile</string>
		</dict>
		<key>CA4B3EF81C6BBB5400440914</key>
		<dict>
			<key>fileRef</key>
			<string>CA4B3EF61C6BBB5400440914</string>
			<key>isa</key>
			<string>PBXBuildFile</string>
		</dict>
		<key>CA4B3F011C73480F00440914</key>
		<dict>
			<key>children</key>
			<array/>
			<key>isa</key>
			<string>PBXGroup</string>
			<key>path</key>
			<string>Protocols</string>
			<key>sourceTree</key>
			<string>&lt;group&gt;</string>
		</dict>
		<key>CA4B3F2A1C74AFFE00440914</key>
		<dict>
			<key>children</key>
			<array>
				<string>CA4B3F591C76FC9500440914</string>
				<string>CA4B3F2B1C74AFFE00440914</string>
				<string>CA4B3F2C1C74AFFE00440914</string>
				<string>CA4B3F321C74C31200440914</string>
				<string>CA4B3F331C74C31200440914</string>
				<string>CA4B3F351C74C46F00440914</string>
				<string>CA4B3F361C74C46F00440914</string>
				<string>CA4B3F2D1C74AFFE00440914</string>
			</array>
			<key>isa</key>
			<string>PBXGroup</string>
			<key>path</key>
			<string>SAPCollectionChangeModel</string>
			<key>sourceTree</key>
			<string>&lt;group&gt;</string>
		</dict>
		<key>CA4B3F2B1C74AFFE00440914</key>
		<dict>
			<key>fileEncoding</key>
			<string>4</string>
			<key>isa</key>
			<string>PBXFileReference</string>
			<key>lastKnownFileType</key>
			<string>sourcecode.c.h</string>
			<key>path</key>
			<string>SAPCollectionChangeModel.h</string>
			<key>sourceTree</key>
			<string>&lt;group&gt;</string>
		</dict>
		<key>CA4B3F2C1C74AFFE00440914</key>
		<dict>
			<key>fileEncoding</key>
			<string>4</string>
			<key>isa</key>
			<string>PBXFileReference</string>
			<key>lastKnownFileType</key>
			<string>sourcecode.c.objc</string>
			<key>path</key>
			<string>SAPCollectionChangeModel.m</string>
			<key>sourceTree</key>
			<string>&lt;group&gt;</string>
		</dict>
		<key>CA4B3F2D1C74AFFE00440914</key>
		<dict>
			<key>fileEncoding</key>
			<string>4</string>
			<key>isa</key>
			<string>PBXFileReference</string>
			<key>lastKnownFileType</key>
			<string>sourcecode.c.h</string>
			<key>path</key>
			<string>SAPCollectionObserver.h</string>
			<key>sourceTree</key>
			<string>&lt;group&gt;</string>
		</dict>
		<key>CA4B3F2E1C74AFFE00440914</key>
		<dict>
			<key>fileRef</key>
			<string>CA4B3F2C1C74AFFE00440914</string>
			<key>isa</key>
			<string>PBXBuildFile</string>
		</dict>
		<key>CA4B3F321C74C31200440914</key>
		<dict>
			<key>fileEncoding</key>
			<string>4</string>
			<key>isa</key>
			<string>PBXFileReference</string>
			<key>lastKnownFileType</key>
			<string>sourcecode.c.h</string>
			<key>path</key>
			<string>SAPCollectionChangeModel+UITableView.h</string>
			<key>sourceTree</key>
			<string>&lt;group&gt;</string>
		</dict>
		<key>CA4B3F331C74C31200440914</key>
		<dict>
			<key>fileEncoding</key>
			<string>4</string>
			<key>isa</key>
			<string>PBXFileReference</string>
			<key>lastKnownFileType</key>
			<string>sourcecode.c.objc</string>
			<key>path</key>
			<string>SAPCollectionChangeModel+UITableView.m</string>
			<key>sourceTree</key>
			<string>&lt;group&gt;</string>
		</dict>
		<key>CA4B3F341C74C31200440914</key>
		<dict>
			<key>fileRef</key>
			<string>CA4B3F331C74C31200440914</string>
			<key>isa</key>
			<string>PBXBuildFile</string>
		</dict>
		<key>CA4B3F351C74C46F00440914</key>
		<dict>
			<key>fileEncoding</key>
			<string>4</string>
			<key>isa</key>
			<string>PBXFileReference</string>
			<key>lastKnownFileType</key>
			<string>sourcecode.c.h</string>
			<key>path</key>
			<string>UITableView+SAPCollectionChangeModel.h</string>
			<key>sourceTree</key>
			<string>&lt;group&gt;</string>
		</dict>
		<key>CA4B3F361C74C46F00440914</key>
		<dict>
			<key>fileEncoding</key>
			<string>4</string>
			<key>isa</key>
			<string>PBXFileReference</string>
			<key>lastKnownFileType</key>
			<string>sourcecode.c.objc</string>
			<key>path</key>
			<string>UITableView+SAPCollectionChangeModel.m</string>
			<key>sourceTree</key>
			<string>&lt;group&gt;</string>
		</dict>
		<key>CA4B3F371C74C46F00440914</key>
		<dict>
			<key>fileRef</key>
			<string>CA4B3F361C74C46F00440914</string>
			<key>isa</key>
			<string>PBXBuildFile</string>
		</dict>
		<key>CA4B3F3B1C74C9B200440914</key>
		<dict>
			<key>children</key>
			<array>
				<string>CA4B3F3C1C74C9F600440914</string>
				<string>CA4B3F3D1C74C9F600440914</string>
			</array>
			<key>isa</key>
			<string>PBXGroup</string>
			<key>path</key>
			<string>NSIndexPath</string>
			<key>sourceTree</key>
			<string>&lt;group&gt;</string>
		</dict>
		<key>CA4B3F3C1C74C9F600440914</key>
		<dict>
			<key>fileEncoding</key>
			<string>4</string>
			<key>isa</key>
			<string>PBXFileReference</string>
			<key>lastKnownFileType</key>
			<string>sourcecode.c.h</string>
			<key>path</key>
			<string>NSIndexPath+SAPExtensions.h</string>
			<key>sourceTree</key>
			<string>&lt;group&gt;</string>
		</dict>
		<key>CA4B3F3D1C74C9F600440914</key>
		<dict>
			<key>fileEncoding</key>
			<string>4</string>
			<key>isa</key>
			<string>PBXFileReference</string>
			<key>lastKnownFileType</key>
			<string>sourcecode.c.objc</string>
			<key>path</key>
			<string>NSIndexPath+SAPExtensions.m</string>
			<key>sourceTree</key>
			<string>&lt;group&gt;</string>
		</dict>
		<key>CA4B3F3E1C74C9F600440914</key>
		<dict>
			<key>fileRef</key>
			<string>CA4B3F3D1C74C9F600440914</string>
			<key>isa</key>
			<string>PBXBuildFile</string>
		</dict>
		<key>CA4B3F421C75EAF200440914</key>
		<dict>
			<key>children</key>
			<array>
				<string>CA4B3F4A1C75EAF200440914</string>
				<string>CA4B3F4B1C75EAF200440914</string>
				<string>CA4B3F4C1C75EAF200440914</string>
				<string>CA4B3F4D1C75EAF200440914</string>
			</array>
			<key>isa</key>
			<string>PBXGroup</string>
			<key>path</key>
			<string>SAPArrayModel</string>
			<key>sourceTree</key>
			<string>&lt;group&gt;</string>
		</dict>
		<key>CA4B3F4A1C75EAF200440914</key>
		<dict>
			<key>fileEncoding</key>
			<string>4</string>
			<key>isa</key>
			<string>PBXFileReference</string>
			<key>lastKnownFileType</key>
			<string>sourcecode.c.h</string>
			<key>path</key>
			<string>SAPArrayModel.h</string>
			<key>sourceTree</key>
			<string>&lt;group&gt;</string>
		</dict>
		<key>CA4B3F4B1C75EAF200440914</key>
		<dict>
			<key>fileEncoding</key>
			<string>4</string>
			<key>isa</key>
			<string>PBXFileReference</string>
			<key>lastKnownFileType</key>
			<string>sourcecode.c.objc</string>
			<key>path</key>
			<string>SAPArrayModel.m</string>
			<key>sourceTree</key>
			<string>&lt;group&gt;</string>
		</dict>
		<key>CA4B3F4C1C75EAF200440914</key>
		<dict>
			<key>fileEncoding</key>
			<string>4</string>
			<key>isa</key>
			<string>PBXFileReference</string>
			<key>lastKnownFileType</key>
			<string>sourcecode.c.h</string>
			<key>path</key>
			<string>SAPCollectionChangeModel+SAPArrayModel.h</string>
			<key>sourceTree</key>
			<string>&lt;group&gt;</string>
		</dict>
		<key>CA4B3F4D1C75EAF200440914</key>
		<dict>
			<key>fileEncoding</key>
			<string>4</string>
			<key>isa</key>
			<string>PBXFileReference</string>
			<key>lastKnownFileType</key>
			<string>sourcecode.c.objc</string>
			<key>path</key>
			<string>SAPCollectionChangeModel+SAPArrayModel.m</string>
			<key>sourceTree</key>
			<string>&lt;group&gt;</string>
		</dict>
		<key>CA4B3F511C75EAF200440914</key>
		<dict>
			<key>fileRef</key>
			<string>CA4B3F4B1C75EAF200440914</string>
			<key>isa</key>
			<string>PBXBuildFile</string>
		</dict>
		<key>CA4B3F521C75EAF200440914</key>
		<dict>
			<key>fileRef</key>
			<string>CA4B3F4D1C75EAF200440914</string>
			<key>isa</key>
			<string>PBXBuildFile</string>
		</dict>
		<key>CA4B3F591C76FC9500440914</key>
		<dict>
			<key>children</key>
			<array>
				<string>CA4B3F5A1C76FC9500440914</string>
				<string>CA4B3F5F1C76FC9500440914</string>
			</array>
			<key>isa</key>
			<string>PBXGroup</string>
			<key>name</key>
			<string>Private</string>
			<key>path</key>
			<string>../SAPArrayModel/Private</string>
			<key>sourceTree</key>
			<string>&lt;group&gt;</string>
		</dict>
		<key>CA4B3F5A1C76FC9500440914</key>
		<dict>
			<key>children</key>
			<array>
				<string>CA4B3F5B1C76FC9500440914</string>
				<string>CA4B3F5C1C76FC9500440914</string>
				<string>CA4B3F5D1C76FC9500440914</string>
				<string>CA4B3F5E1C76FC9500440914</string>
			</array>
			<key>isa</key>
			<string>PBXGroup</string>
			<key>path</key>
			<string>SAPCollectionChangeDoubleIndexModel</string>
			<key>sourceTree</key>
			<string>&lt;group&gt;</string>
		</dict>
		<key>CA4B3F5B1C76FC9500440914</key>
		<dict>
			<key>fileEncoding</key>
			<string>4</string>
			<key>isa</key>
			<string>PBXFileReference</string>
			<key>lastKnownFileType</key>
			<string>sourcecode.c.objc</string>
			<key>path</key>
			<string>SAPCollectionChangeDoubleIndexModel +UITableView.m</string>
			<key>sourceTree</key>
			<string>&lt;group&gt;</string>
		</dict>
		<key>CA4B3F5C1C76FC9500440914</key>
		<dict>
			<key>fileEncoding</key>
			<string>4</string>
			<key>isa</key>
			<string>PBXFileReference</string>
			<key>lastKnownFileType</key>
			<string>sourcecode.c.h</string>
			<key>path</key>
			<string>SAPCollectionChangeDoubleIndexModel+UITableView.h</string>
			<key>sourceTree</key>
			<string>&lt;group&gt;</string>
		</dict>
		<key>CA4B3F5D1C76FC9500440914</key>
		<dict>
			<key>fileEncoding</key>
			<string>4</string>
			<key>isa</key>
			<string>PBXFileReference</string>
			<key>lastKnownFileType</key>
			<string>sourcecode.c.h</string>
			<key>path</key>
			<string>SAPCollectionChangeDoubleIndexModel.h</string>
			<key>sourceTree</key>
			<string>&lt;group&gt;</string>
		</dict>
		<key>CA4B3F5E1C76FC9500440914</key>
		<dict>
			<key>fileEncoding</key>
			<string>4</string>
			<key>isa</key>
			<string>PBXFileReference</string>
			<key>lastKnownFileType</key>
			<string>sourcecode.c.objc</string>
			<key>path</key>
			<string>SAPCollectionChangeDoubleIndexModel.m</string>
			<key>sourceTree</key>
			<string>&lt;group&gt;</string>
		</dict>
		<key>CA4B3F5F1C76FC9500440914</key>
		<dict>
			<key>children</key>
			<array>
				<string>CA4B3F601C76FC9500440914</string>
				<string>CA4B3F611C76FC9500440914</string>
				<string>CA4B3F621C76FC9500440914</string>
				<string>CA4B3F631C76FC9500440914</string>
			</array>
			<key>isa</key>
			<string>PBXGroup</string>
			<key>path</key>
			<string>SAPCollectionChangeIndexModel</string>
			<key>sourceTree</key>
			<string>&lt;group&gt;</string>
		</dict>
		<key>CA4B3F601C76FC9500440914</key>
		<dict>
			<key>fileEncoding</key>
			<string>4</string>
			<key>isa</key>
			<string>PBXFileReference</string>
			<key>lastKnownFileType</key>
			<string>sourcecode.c.h</string>
			<key>path</key>
			<string>SAPCollectionChangeIndexModel+UITableView.h</string>
			<key>sourceTree</key>
			<string>&lt;group&gt;</string>
		</dict>
		<key>CA4B3F611C76FC9500440914</key>
		<dict>
			<key>fileEncoding</key>
			<string>4</string>
			<key>isa</key>
			<string>PBXFileReference</string>
			<key>lastKnownFileType</key>
			<string>sourcecode.c.objc</string>
			<key>path</key>
			<string>SAPCollectionChangeIndexModel+UITableView.m</string>
			<key>sourceTree</key>
			<string>&lt;group&gt;</string>
		</dict>
		<key>CA4B3F621C76FC9500440914</key>
		<dict>
			<key>fileEncoding</key>
			<string>4</string>
			<key>isa</key>
			<string>PBXFileReference</string>
			<key>lastKnownFileType</key>
			<string>sourcecode.c.h</string>
			<key>path</key>
			<string>SAPCollectionChangeIndexModel.h</string>
			<key>sourceTree</key>
			<string>&lt;group&gt;</string>
		</dict>
		<key>CA4B3F631C76FC9500440914</key>
		<dict>
			<key>fileEncoding</key>
			<string>4</string>
			<key>isa</key>
			<string>PBXFileReference</string>
			<key>lastKnownFileType</key>
			<string>sourcecode.c.objc</string>
			<key>path</key>
			<string>SAPCollectionChangeIndexModel.m</string>
			<key>sourceTree</key>
			<string>&lt;group&gt;</string>
		</dict>
		<key>CA4B3F641C76FC9500440914</key>
		<dict>
			<key>fileRef</key>
			<string>CA4B3F5B1C76FC9500440914</string>
			<key>isa</key>
			<string>PBXBuildFile</string>
		</dict>
		<key>CA4B3F651C76FC9500440914</key>
		<dict>
			<key>fileRef</key>
			<string>CA4B3F5E1C76FC9500440914</string>
			<key>isa</key>
			<string>PBXBuildFile</string>
		</dict>
		<key>CA4B3F661C76FC9500440914</key>
		<dict>
			<key>fileRef</key>
			<string>CA4B3F611C76FC9500440914</string>
			<key>isa</key>
			<string>PBXBuildFile</string>
		</dict>
		<key>CA4B3F671C76FC9500440914</key>
		<dict>
			<key>fileRef</key>
			<string>CA4B3F631C76FC9500440914</string>
			<key>isa</key>
			<string>PBXBuildFile</string>
		</dict>
		<key>CA4B3F761C7C999B00440914</key>
		<dict>
			<key>children</key>
			<array>
				<string>CA4B3F7A1C7C9A2200440914</string>
				<string>CA4B3F7B1C7C9A2200440914</string>
				<string>CA4B3F7E1C7C9E6D00440914</string>
				<string>CAC751D71C8CC8BA00265578</string>
			</array>
			<key>isa</key>
			<string>PBXGroup</string>
			<key>path</key>
			<string>SAPModel</string>
			<key>sourceTree</key>
			<string>&lt;group&gt;</string>
		</dict>
		<key>CA4B3F7A1C7C9A2200440914</key>
		<dict>
			<key>fileEncoding</key>
			<string>4</string>
			<key>isa</key>
			<string>PBXFileReference</string>
			<key>lastKnownFileType</key>
			<string>sourcecode.c.h</string>
			<key>path</key>
			<string>SAPModel.h</string>
			<key>sourceTree</key>
			<string>&lt;group&gt;</string>
		</dict>
		<key>CA4B3F7B1C7C9A2200440914</key>
		<dict>
			<key>fileEncoding</key>
			<string>4</string>
			<key>isa</key>
			<string>PBXFileReference</string>
			<key>lastKnownFileType</key>
			<string>sourcecode.c.objc</string>
			<key>path</key>
			<string>SAPModel.m</string>
			<key>sourceTree</key>
			<string>&lt;group&gt;</string>
		</dict>
		<key>CA4B3F7C1C7C9A2200440914</key>
		<dict>
			<key>fileRef</key>
			<string>CA4B3F7B1C7C9A2200440914</string>
			<key>isa</key>
			<string>PBXBuildFile</string>
		</dict>
		<key>CA4B3F7E1C7C9E6D00440914</key>
		<dict>
			<key>fileEncoding</key>
			<string>4</string>
			<key>isa</key>
			<string>PBXFileReference</string>
			<key>lastKnownFileType</key>
			<string>sourcecode.c.h</string>
			<key>path</key>
			<string>SAPModelObserver.h</string>
			<key>sourceTree</key>
			<string>&lt;group&gt;</string>
		</dict>
		<key>CA4B3F7F1C7DE8DE00440914</key>
		<dict>
			<key>children</key>
			<array>
				<string>CA4B3F801C7DE8DE00440914</string>
				<string>CA4B3F811C7DE8DE00440914</string>
			</array>
			<key>isa</key>
			<string>PBXGroup</string>
			<key>path</key>
			<string>NSFileManager</string>
			<key>sourceTree</key>
			<string>&lt;group&gt;</string>
		</dict>
		<key>CA4B3F801C7DE8DE00440914</key>
		<dict>
			<key>fileEncoding</key>
			<string>4</string>
			<key>isa</key>
			<string>PBXFileReference</string>
			<key>lastKnownFileType</key>
			<string>sourcecode.c.h</string>
			<key>path</key>
			<string>NSFileManager+SAPExtensions.h</string>
			<key>sourceTree</key>
			<string>&lt;group&gt;</string>
		</dict>
		<key>CA4B3F811C7DE8DE00440914</key>
		<dict>
			<key>fileEncoding</key>
			<string>4</string>
			<key>isa</key>
			<string>PBXFileReference</string>
			<key>lastKnownFileType</key>
			<string>sourcecode.c.objc</string>
			<key>path</key>
			<string>NSFilemanager+SAPExtensions.m</string>
			<key>sourceTree</key>
			<string>&lt;group&gt;</string>
		</dict>
		<key>CA4B3F821C7DE8DE00440914</key>
		<dict>
			<key>fileRef</key>
			<string>CA4B3F811C7DE8DE00440914</string>
			<key>isa</key>
			<string>PBXBuildFile</string>
		</dict>
		<key>CA4B3F841C7E352D00440914</key>
		<dict>
			<key>children</key>
			<array>
				<string>CA4B3F851C7E352D00440914</string>
				<string>CA4B3F861C7E352D00440914</string>
				<string>CA4B3F871C7E352D00440914</string>
			</array>
			<key>isa</key>
			<string>PBXGroup</string>
			<key>path</key>
			<string>SAPUserCell</string>
			<key>sourceTree</key>
			<string>&lt;group&gt;</string>
		</dict>
		<key>CA4B3F851C7E352D00440914</key>
		<dict>
			<key>fileEncoding</key>
			<string>4</string>
			<key>isa</key>
			<string>PBXFileReference</string>
			<key>lastKnownFileType</key>
			<string>sourcecode.c.h</string>
			<key>path</key>
			<string>SAPUserCell.h</string>
			<key>sourceTree</key>
			<string>&lt;group&gt;</string>
		</dict>
		<key>CA4B3F861C7E352D00440914</key>
		<dict>
			<key>fileEncoding</key>
			<string>4</string>
			<key>isa</key>
			<string>PBXFileReference</string>
			<key>lastKnownFileType</key>
			<string>sourcecode.c.objc</string>
			<key>path</key>
			<string>SAPUserCell.m</string>
			<key>sourceTree</key>
			<string>&lt;group&gt;</string>
		</dict>
		<key>CA4B3F871C7E352D00440914</key>
		<dict>
			<key>fileEncoding</key>
			<string>4</string>
			<key>isa</key>
			<string>PBXFileReference</string>
			<key>lastKnownFileType</key>
			<string>file.xib</string>
			<key>path</key>
			<string>SAPUserCell.xib</string>
			<key>sourceTree</key>
			<string>&lt;group&gt;</string>
		</dict>
		<key>CA4B3F881C7E352D00440914</key>
		<dict>
			<key>fileRef</key>
			<string>CA4B3F861C7E352D00440914</string>
			<key>isa</key>
			<string>PBXBuildFile</string>
		</dict>
		<key>CA4B3F891C7E352D00440914</key>
		<dict>
			<key>fileRef</key>
			<string>CA4B3F871C7E352D00440914</string>
			<key>isa</key>
			<string>PBXBuildFile</string>
		</dict>
		<key>CA4B3F951C7F352000440914</key>
		<dict>
			<key>children</key>
			<array>
				<string>CA4B3F961C7F352000440914</string>
			</array>
			<key>isa</key>
			<string>PBXGroup</string>
			<key>path</key>
			<string>Functions</string>
			<key>sourceTree</key>
			<string>&lt;group&gt;</string>
		</dict>
		<key>CA4B3F961C7F352000440914</key>
		<dict>
			<key>children</key>
			<array>
				<string>CA4B3F971C7F352000440914</string>
				<string>CA4B3F981C7F352000440914</string>
			</array>
			<key>isa</key>
			<string>PBXGroup</string>
			<key>path</key>
			<string>SAPDispatch</string>
			<key>sourceTree</key>
			<string>&lt;group&gt;</string>
		</dict>
		<key>CA4B3F971C7F352000440914</key>
		<dict>
			<key>fileEncoding</key>
			<string>4</string>
			<key>isa</key>
			<string>PBXFileReference</string>
			<key>lastKnownFileType</key>
			<string>sourcecode.c.h</string>
			<key>path</key>
			<string>SAPDispatch.h</string>
			<key>sourceTree</key>
			<string>&lt;group&gt;</string>
		</dict>
		<key>CA4B3F981C7F352000440914</key>
		<dict>
			<key>fileEncoding</key>
			<string>4</string>
			<key>isa</key>
			<string>PBXFileReference</string>
			<key>lastKnownFileType</key>
			<string>sourcecode.c.objc</string>
			<key>path</key>
			<string>SAPDispatch.m</string>
			<key>sourceTree</key>
			<string>&lt;group&gt;</string>
		</dict>
		<key>CA4B3F991C7F352000440914</key>
		<dict>
			<key>fileRef</key>
			<string>CA4B3F981C7F352000440914</string>
			<key>isa</key>
			<string>PBXBuildFile</string>
		</dict>
		<key>CA4B3F9A1C805F6C00440914</key>
		<dict>
			<key>children</key>
			<array>
				<string>CA4B3F9B1C805F6C00440914</string>
				<string>CA4B3F9C1C805F6C00440914</string>
				<string>CA4B3F9D1C805F6C00440914</string>
			</array>
			<key>isa</key>
			<string>PBXGroup</string>
			<key>path</key>
			<string>SAPActivityIndicator</string>
			<key>sourceTree</key>
			<string>&lt;group&gt;</string>
		</dict>
		<key>CA4B3F9B1C805F6C00440914</key>
		<dict>
			<key>fileEncoding</key>
			<string>4</string>
			<key>isa</key>
			<string>PBXFileReference</string>
			<key>lastKnownFileType</key>
			<string>sourcecode.c.h</string>
			<key>path</key>
			<string>SAPActivityIndicator.h</string>
			<key>sourceTree</key>
			<string>&lt;group&gt;</string>
		</dict>
		<key>CA4B3F9C1C805F6C00440914</key>
		<dict>
			<key>fileEncoding</key>
			<string>4</string>
			<key>isa</key>
			<string>PBXFileReference</string>
			<key>lastKnownFileType</key>
			<string>sourcecode.c.objc</string>
			<key>path</key>
			<string>SAPActivityIndicator.m</string>
			<key>sourceTree</key>
			<string>&lt;group&gt;</string>
		</dict>
		<key>CA4B3F9D1C805F6C00440914</key>
		<dict>
			<key>fileEncoding</key>
			<string>4</string>
			<key>isa</key>
			<string>PBXFileReference</string>
			<key>lastKnownFileType</key>
			<string>file.xib</string>
			<key>path</key>
			<string>SAPActivityIndicator.xib</string>
			<key>sourceTree</key>
			<string>&lt;group&gt;</string>
		</dict>
		<key>CA4B3F9E1C805F6C00440914</key>
		<dict>
			<key>fileRef</key>
			<string>CA4B3F9C1C805F6C00440914</string>
			<key>isa</key>
			<string>PBXBuildFile</string>
		</dict>
		<key>CA4B3F9F1C805F6C00440914</key>
		<dict>
			<key>fileRef</key>
			<string>CA4B3F9D1C805F6C00440914</string>
			<key>isa</key>
			<string>PBXBuildFile</string>
		</dict>
		<key>CA4B3FA11C80617100440914</key>
		<dict>
			<key>children</key>
			<array>
				<string>CA4B3FA21C80619100440914</string>
				<string>CA4B3FA31C80619100440914</string>
				<string>CA4B3FA51C8089FB00440914</string>
			</array>
			<key>isa</key>
			<string>PBXGroup</string>
			<key>path</key>
			<string>SAPView</string>
			<key>sourceTree</key>
			<string>&lt;group&gt;</string>
		</dict>
		<key>CA4B3FA21C80619100440914</key>
		<dict>
			<key>fileEncoding</key>
			<string>4</string>
			<key>isa</key>
			<string>PBXFileReference</string>
			<key>lastKnownFileType</key>
			<string>sourcecode.c.h</string>
			<key>path</key>
			<string>SAPView.h</string>
			<key>sourceTree</key>
			<string>&lt;group&gt;</string>
		</dict>
		<key>CA4B3FA31C80619100440914</key>
		<dict>
			<key>fileEncoding</key>
			<string>4</string>
			<key>isa</key>
			<string>PBXFileReference</string>
			<key>lastKnownFileType</key>
			<string>sourcecode.c.objc</string>
			<key>path</key>
			<string>SAPView.m</string>
			<key>sourceTree</key>
			<string>&lt;group&gt;</string>
		</dict>
		<key>CA4B3FA41C80619100440914</key>
		<dict>
			<key>fileRef</key>
			<string>CA4B3FA31C80619100440914</string>
			<key>isa</key>
			<string>PBXBuildFile</string>
		</dict>
		<key>CA4B3FA51C8089FB00440914</key>
		<dict>
			<key>fileEncoding</key>
			<string>4</string>
			<key>isa</key>
			<string>PBXFileReference</string>
			<key>lastKnownFileType</key>
			<string>sourcecode.c.h</string>
			<key>path</key>
			<string>SAPLoadingView.h</string>
			<key>sourceTree</key>
			<string>&lt;group&gt;</string>
		</dict>
		<key>CA634BBB1C63B93100DAED4E</key>
		<dict>
			<key>children</key>
			<array>
				<string>CA634BBC1C63B93100DAED4E</string>
				<string>CA634BBD1C63B93100DAED4E</string>
			</array>
			<key>isa</key>
			<string>PBXGroup</string>
			<key>path</key>
			<string>CGGeometry</string>
			<key>sourceTree</key>
			<string>&lt;group&gt;</string>
		</dict>
		<key>CA634BBC1C63B93100DAED4E</key>
		<dict>
			<key>fileEncoding</key>
			<string>4</string>
			<key>isa</key>
			<string>PBXFileReference</string>
			<key>lastKnownFileType</key>
			<string>sourcecode.c.h</string>
			<key>path</key>
			<string>CGGeometry+SAPExtensions.h</string>
			<key>sourceTree</key>
			<string>&lt;group&gt;</string>
		</dict>
		<key>CA634BBD1C63B93100DAED4E</key>
		<dict>
			<key>fileEncoding</key>
			<string>4</string>
			<key>isa</key>
			<string>PBXFileReference</string>
			<key>lastKnownFileType</key>
			<string>sourcecode.c.objc</string>
			<key>path</key>
			<string>CGGeometry+SAPExtensions.m</string>
			<key>sourceTree</key>
			<string>&lt;group&gt;</string>
		</dict>
		<key>CA634BBE1C63B93100DAED4E</key>
		<dict>
			<key>fileRef</key>
			<string>CA634BBD1C63B93100DAED4E</string>
			<key>isa</key>
			<string>PBXBuildFile</string>
		</dict>
		<key>CA634BBF1C63B96C00DAED4E</key>
		<dict>
			<key>children</key>
			<array>
				<string>CA634BC01C63B96C00DAED4E</string>
				<string>CA634BC11C63B96C00DAED4E</string>
			</array>
			<key>isa</key>
			<string>PBXGroup</string>
			<key>path</key>
			<string>UIWindow</string>
			<key>sourceTree</key>
			<string>&lt;group&gt;</string>
		</dict>
		<key>CA634BC01C63B96C00DAED4E</key>
		<dict>
			<key>fileEncoding</key>
			<string>4</string>
			<key>isa</key>
			<string>PBXFileReference</string>
			<key>lastKnownFileType</key>
			<string>sourcecode.c.h</string>
			<key>path</key>
			<string>UIWindow+SAPExtensions.h</string>
			<key>sourceTree</key>
			<string>&lt;group&gt;</string>
		</dict>
		<key>CA634BC11C63B96C00DAED4E</key>
		<dict>
			<key>fileEncoding</key>
			<string>4</string>
			<key>isa</key>
			<string>PBXFileReference</string>
			<key>lastKnownFileType</key>
			<string>sourcecode.c.objc</string>
			<key>path</key>
			<string>UIWindow+SAPExtensions.m</string>
			<key>sourceTree</key>
			<string>&lt;group&gt;</string>
		</dict>
		<key>CA634BC21C63B96C00DAED4E</key>
		<dict>
			<key>fileRef</key>
			<string>CA634BC11C63B96C00DAED4E</string>
			<key>isa</key>
			<string>PBXBuildFile</string>
		</dict>
		<key>CA634BD01C67C0EA00DAED4E</key>
		<dict>
			<key>children</key>
			<array>
				<string>CAC7519E1C84A07100265578</string>
				<string>CAC751A21C84A08000265578</string>
			</array>
			<key>isa</key>
			<string>PBXGroup</string>
			<key>path</key>
			<string>NSString</string>
			<key>sourceTree</key>
			<string>&lt;group&gt;</string>
		</dict>
		<key>CA634BE51C68A18300DAED4E</key>
		<dict>
			<key>children</key>
			<array>
				<string>CA4B3EF51C6BBB5400440914</string>
				<string>CA4B3EF61C6BBB5400440914</string>
				<string>CA634BE61C68A18300DAED4E</string>
			</array>
			<key>isa</key>
			<string>PBXGroup</string>
			<key>path</key>
			<string>Images</string>
			<key>sourceTree</key>
			<string>&lt;group&gt;</string>
		</dict>
		<key>CA634BE61C68A18300DAED4E</key>
		<dict>
			<key>isa</key>
			<string>PBXFileReference</string>
			<key>lastKnownFileType</key>
			<string>image.jpeg</string>
			<key>path</key>
			<string>smile.jpeg</string>
			<key>sourceTree</key>
			<string>&lt;group&gt;</string>
		</dict>
		<key>CA634BE71C68A18300DAED4E</key>
		<dict>
			<key>fileRef</key>
			<string>CA634BE61C68A18300DAED4E</string>
			<key>isa</key>
			<string>PBXBuildFile</string>
		</dict>
		<key>CA634BE81C68D0BD00DAED4E</key>
		<dict>
			<key>children</key>
			<array>
				<string>2E44ACDA1C94643400965DFA</string>
				<string>CA4B3F761C7C999B00440914</string>
				<string>CAC751C41C88614D00265578</string>
				<string>CAC751DC1C8DFADA00265578</string>
				<string>CAC751B81C85B50D00265578</string>
				<string>CA4B3FA11C80617100440914</string>
				<string>CA4B3F9A1C805F6C00440914</string>
				<string>CA4B3F421C75EAF200440914</string>
				<string>CA4B3F2A1C74AFFE00440914</string>
				<string>CA634BF11C68D14500DAED4E</string>
				<string>CA634BE91C68D0BD00DAED4E</string>
				<string>CA634BEC1C68D0BD00DAED4E</string>
			</array>
			<key>isa</key>
			<string>PBXGroup</string>
			<key>path</key>
			<string>Classes</string>
			<key>sourceTree</key>
			<string>&lt;group&gt;</string>
		</dict>
		<key>CA634BE91C68D0BD00DAED4E</key>
		<dict>
			<key>children</key>
			<array>
				<string>CA634BEA1C68D0BD00DAED4E</string>
				<string>CA634BEB1C68D0BD00DAED4E</string>
			</array>
			<key>isa</key>
			<string>PBXGroup</string>
			<key>path</key>
			<string>SAPObservableObject</string>
			<key>sourceTree</key>
			<string>&lt;group&gt;</string>
		</dict>
		<key>CA634BEA1C68D0BD00DAED4E</key>
		<dict>
			<key>fileEncoding</key>
			<string>4</string>
			<key>isa</key>
			<string>PBXFileReference</string>
			<key>lastKnownFileType</key>
			<string>sourcecode.c.h</string>
			<key>path</key>
			<string>SAPObservableObject.h</string>
			<key>sourceTree</key>
			<string>&lt;group&gt;</string>
		</dict>
		<key>CA634BEB1C68D0BD00DAED4E</key>
		<dict>
			<key>fileEncoding</key>
			<string>4</string>
			<key>isa</key>
			<string>PBXFileReference</string>
			<key>lastKnownFileType</key>
			<string>sourcecode.c.objc</string>
			<key>path</key>
			<string>SAPObservableObject.m</string>
			<key>sourceTree</key>
			<string>&lt;group&gt;</string>
		</dict>
		<key>CA634BEC1C68D0BD00DAED4E</key>
		<dict>
			<key>children</key>
			<array>
				<string>CA634BED1C68D0BD00DAED4E</string>
				<string>CA634BEE1C68D0BD00DAED4E</string>
			</array>
			<key>isa</key>
			<string>PBXGroup</string>
			<key>path</key>
			<string>SAPTableViewCell</string>
			<key>sourceTree</key>
			<string>&lt;group&gt;</string>
		</dict>
		<key>CA634BED1C68D0BD00DAED4E</key>
		<dict>
			<key>fileEncoding</key>
			<string>4</string>
			<key>isa</key>
			<string>PBXFileReference</string>
			<key>lastKnownFileType</key>
			<string>sourcecode.c.h</string>
			<key>path</key>
			<string>SAPTableViewCell.h</string>
			<key>sourceTree</key>
			<string>&lt;group&gt;</string>
		</dict>
		<key>CA634BEE1C68D0BD00DAED4E</key>
		<dict>
			<key>fileEncoding</key>
			<string>4</string>
			<key>isa</key>
			<string>PBXFileReference</string>
			<key>lastKnownFileType</key>
			<string>sourcecode.c.objc</string>
			<key>path</key>
			<string>SAPTableViewCell.m</string>
			<key>sourceTree</key>
			<string>&lt;group&gt;</string>
		</dict>
		<key>CA634BEF1C68D0BD00DAED4E</key>
		<dict>
			<key>fileRef</key>
			<string>CA634BEB1C68D0BD00DAED4E</string>
			<key>isa</key>
			<string>PBXBuildFile</string>
		</dict>
		<key>CA634BF01C68D0BD00DAED4E</key>
		<dict>
			<key>fileRef</key>
			<string>CA634BEE1C68D0BD00DAED4E</string>
			<key>isa</key>
			<string>PBXBuildFile</string>
		</dict>
		<key>CA634BF11C68D14500DAED4E</key>
		<dict>
			<key>children</key>
			<array>
				<string>CA634BF21C68D14500DAED4E</string>
				<string>CA634BF51C68D14500DAED4E</string>
				<string>CA634BF61C68D14500DAED4E</string>
			</array>
			<key>isa</key>
			<string>PBXGroup</string>
			<key>path</key>
			<string>SAPReference</string>
			<key>sourceTree</key>
			<string>&lt;group&gt;</string>
		</dict>
		<key>CA634BF21C68D14500DAED4E</key>
		<dict>
			<key>children</key>
			<array>
				<string>CA634BF31C68D14500DAED4E</string>
				<string>CA634BF41C68D14500DAED4E</string>
			</array>
			<key>isa</key>
			<string>PBXGroup</string>
			<key>path</key>
			<string>SAPAssignReference</string>
			<key>sourceTree</key>
			<string>&lt;group&gt;</string>
		</dict>
		<key>CA634BF31C68D14500DAED4E</key>
		<dict>
			<key>fileEncoding</key>
			<string>4</string>
			<key>isa</key>
			<string>PBXFileReference</string>
			<key>lastKnownFileType</key>
			<string>sourcecode.c.h</string>
			<key>path</key>
			<string>SAPAssignReference.h</string>
			<key>sourceTree</key>
			<string>&lt;group&gt;</string>
		</dict>
		<key>CA634BF41C68D14500DAED4E</key>
		<dict>
			<key>fileEncoding</key>
			<string>4</string>
			<key>isa</key>
			<string>PBXFileReference</string>
			<key>lastKnownFileType</key>
			<string>sourcecode.c.objc</string>
			<key>path</key>
			<string>SAPAssignReference.m</string>
			<key>sourceTree</key>
			<string>&lt;group&gt;</string>
		</dict>
		<key>CA634BF51C68D14500DAED4E</key>
		<dict>
			<key>fileEncoding</key>
			<string>4</string>
			<key>isa</key>
			<string>PBXFileReference</string>
			<key>lastKnownFileType</key>
			<string>sourcecode.c.h</string>
			<key>path</key>
			<string>SAPReference.h</string>
			<key>sourceTree</key>
			<string>&lt;group&gt;</string>
		</dict>
		<key>CA634BF61C68D14500DAED4E</key>
		<dict>
			<key>fileEncoding</key>
			<string>4</string>
			<key>isa</key>
			<string>PBXFileReference</string>
			<key>lastKnownFileType</key>
			<string>sourcecode.c.objc</string>
			<key>path</key>
			<string>SAPReference.m</string>
			<key>sourceTree</key>
			<string>&lt;group&gt;</string>
		</dict>
		<key>CA634BF71C68D14500DAED4E</key>
		<dict>
			<key>fileRef</key>
			<string>CA634BF41C68D14500DAED4E</string>
			<key>isa</key>
			<string>PBXBuildFile</string>
		</dict>
		<key>CA634BF81C68D14500DAED4E</key>
		<dict>
			<key>fileRef</key>
			<string>CA634BF61C68D14500DAED4E</string>
			<key>isa</key>
			<string>PBXBuildFile</string>
		</dict>
		<key>CA634BF91C68F19400DAED4E</key>
		<dict>
			<key>children</key>
			<array>
				<string>CA634BFA1C68F19400DAED4E</string>
				<string>CA634BFB1C68F19400DAED4E</string>
				<string>CA634BFC1C68F19400DAED4E</string>
			</array>
			<key>isa</key>
			<string>PBXGroup</string>
			<key>path</key>
			<string>Macro</string>
			<key>sourceTree</key>
			<string>&lt;group&gt;</string>
		</dict>
		<key>CA634BFA1C68F19400DAED4E</key>
		<dict>
			<key>fileEncoding</key>
			<string>4</string>
			<key>isa</key>
			<string>PBXFileReference</string>
			<key>lastKnownFileType</key>
			<string>sourcecode.c.h</string>
			<key>path</key>
			<string>SAPClangMacro.h</string>
			<key>sourceTree</key>
			<string>&lt;group&gt;</string>
		</dict>
		<key>CA634BFB1C68F19400DAED4E</key>
		<dict>
			<key>fileEncoding</key>
			<string>4</string>
			<key>isa</key>
			<string>PBXFileReference</string>
			<key>lastKnownFileType</key>
			<string>sourcecode.c.h</string>
			<key>path</key>
			<string>SAPOwnershipMacro.h</string>
			<key>sourceTree</key>
			<string>&lt;group&gt;</string>
		</dict>
		<key>CA634BFC1C68F19400DAED4E</key>
		<dict>
			<key>fileEncoding</key>
			<string>4</string>
			<key>isa</key>
			<string>PBXFileReference</string>
			<key>lastKnownFileType</key>
			<string>sourcecode.c.h</string>
			<key>path</key>
			<string>SAPViewControllerMacro.h</string>
			<key>sourceTree</key>
			<string>&lt;group&gt;</string>
		</dict>
		<key>CA634BFD1C69C3FC00DAED4E</key>
		<dict>
			<key>children</key>
			<array>
				<string>CA634BFE1C69C3FC00DAED4E</string>
				<string>CA634BFF1C69C3FC00DAED4E</string>
				<string>CA634C001C69C3FC00DAED4E</string>
				<string>CA634C011C69C3FC00DAED4E</string>
				<string>CA634C021C69C3FC00DAED4E</string>
				<string>CA634C031C69C3FC00DAED4E</string>
			</array>
			<key>isa</key>
			<string>PBXGroup</string>
			<key>path</key>
			<string>SAPUsersViewController</string>
			<key>sourceTree</key>
			<string>&lt;group&gt;</string>
		</dict>
		<key>CA634BFE1C69C3FC00DAED4E</key>
		<dict>
			<key>fileEncoding</key>
			<string>4</string>
			<key>isa</key>
			<string>PBXFileReference</string>
			<key>lastKnownFileType</key>
			<string>sourcecode.c.h</string>
			<key>path</key>
			<string>SAPUsersView.h</string>
			<key>sourceTree</key>
			<string>&lt;group&gt;</string>
		</dict>
		<key>CA634BFF1C69C3FC00DAED4E</key>
		<dict>
			<key>fileEncoding</key>
			<string>4</string>
			<key>isa</key>
			<string>PBXFileReference</string>
			<key>lastKnownFileType</key>
			<string>sourcecode.c.objc</string>
			<key>path</key>
			<string>SAPUsersView.m</string>
			<key>sourceTree</key>
			<string>&lt;group&gt;</string>
		</dict>
		<key>CA634C001C69C3FC00DAED4E</key>
		<dict>
			<key>fileEncoding</key>
			<string>4</string>
			<key>isa</key>
			<string>PBXFileReference</string>
			<key>lastKnownFileType</key>
			<string>sourcecode.c.h</string>
			<key>path</key>
			<string>SAPUsersViewController.h</string>
			<key>sourceTree</key>
			<string>&lt;group&gt;</string>
		</dict>
		<key>CA634C011C69C3FC00DAED4E</key>
		<dict>
			<key>fileEncoding</key>
			<string>4</string>
			<key>isa</key>
			<string>PBXFileReference</string>
			<key>lastKnownFileType</key>
			<string>sourcecode.c.objc</string>
			<key>path</key>
			<string>SAPUsersViewController.m</string>
			<key>sourceTree</key>
			<string>&lt;group&gt;</string>
		</dict>
		<key>CA634C021C69C3FC00DAED4E</key>
		<dict>
			<key>fileEncoding</key>
			<string>4</string>
			<key>isa</key>
			<string>PBXFileReference</string>
			<key>lastKnownFileType</key>
			<string>file.xib</string>
			<key>path</key>
			<string>SAPUsersViewController.xib</string>
			<key>sourceTree</key>
			<string>&lt;group&gt;</string>
		</dict>
		<key>CA634C031C69C3FC00DAED4E</key>
		<dict>
			<key>children</key>
			<array>
				<string>CA4B3F841C7E352D00440914</string>
			</array>
			<key>isa</key>
			<string>PBXGroup</string>
			<key>path</key>
			<string>Views</string>
			<key>sourceTree</key>
			<string>&lt;group&gt;</string>
		</dict>
		<key>CA634C071C69C3FC00DAED4E</key>
		<dict>
			<key>fileRef</key>
			<string>CA634BFF1C69C3FC00DAED4E</string>
			<key>isa</key>
			<string>PBXBuildFile</string>
		</dict>
		<key>CA634C081C69C3FC00DAED4E</key>
		<dict>
			<key>fileRef</key>
			<string>CA634C011C69C3FC00DAED4E</string>
			<key>isa</key>
			<string>PBXBuildFile</string>
		</dict>
		<key>CA634C091C69C3FC00DAED4E</key>
		<dict>
			<key>fileRef</key>
			<string>CA634C021C69C3FC00DAED4E</string>
			<key>isa</key>
			<string>PBXBuildFile</string>
		</dict>
		<key>CA634C0C1C69C43900DAED4E</key>
		<dict>
			<key>children</key>
			<array>
				<string>CA634C0D1C69C43900DAED4E</string>
				<string>CA634C0E1C69C43900DAED4E</string>
				<string>CA634C0F1C69C43900DAED4E</string>
				<string>CA634C101C69C43900DAED4E</string>
			</array>
			<key>isa</key>
			<string>PBXGroup</string>
			<key>path</key>
			<string>SAPUser</string>
			<key>sourceTree</key>
			<string>&lt;group&gt;</string>
		</dict>
		<key>CA634C0D1C69C43900DAED4E</key>
		<dict>
			<key>fileEncoding</key>
			<string>4</string>
			<key>isa</key>
			<string>PBXFileReference</string>
			<key>lastKnownFileType</key>
			<string>sourcecode.c.h</string>
			<key>path</key>
			<string>SAPUser.h</string>
			<key>sourceTree</key>
			<string>&lt;group&gt;</string>
		</dict>
		<key>CA634C0E1C69C43900DAED4E</key>
		<dict>
			<key>fileEncoding</key>
			<string>4</string>
			<key>isa</key>
			<string>PBXFileReference</string>
			<key>lastKnownFileType</key>
			<string>sourcecode.c.objc</string>
			<key>path</key>
			<string>SAPUser.m</string>
			<key>sourceTree</key>
			<string>&lt;group&gt;</string>
		</dict>
		<key>CA634C0F1C69C43900DAED4E</key>
		<dict>
			<key>fileEncoding</key>
			<string>4</string>
			<key>isa</key>
			<string>PBXFileReference</string>
			<key>lastKnownFileType</key>
			<string>sourcecode.c.h</string>
			<key>path</key>
			<string>SAPUsers.h</string>
			<key>sourceTree</key>
			<string>&lt;group&gt;</string>
		</dict>
		<key>CA634C101C69C43900DAED4E</key>
		<dict>
			<key>fileEncoding</key>
			<string>4</string>
			<key>isa</key>
			<string>PBXFileReference</string>
			<key>lastKnownFileType</key>
			<string>sourcecode.c.objc</string>
			<key>path</key>
			<string>SAPUsers.m</string>
			<key>sourceTree</key>
			<string>&lt;group&gt;</string>
		</dict>
		<key>CA634C111C69C43900DAED4E</key>
		<dict>
			<key>fileRef</key>
			<string>CA634C0E1C69C43900DAED4E</string>
			<key>isa</key>
			<string>PBXBuildFile</string>
		</dict>
		<key>CA634C121C69C43900DAED4E</key>
		<dict>
			<key>fileRef</key>
			<string>CA634C101C69C43900DAED4E</string>
			<key>isa</key>
			<string>PBXBuildFile</string>
		</dict>
		<key>CAC421621C5A1AA1004E4F1E</key>
		<dict>
			<key>children</key>
			<array>
				<string>CAC421B61C5A24F7004E4F1E</string>
				<string>CAC421A11C5A2364004E4F1E</string>
				<string>CAC421A41C5A2364004E4F1E</string>
				<string>CAC421871C5A1AA2004E4F1E</string>
				<string>CAC421921C5A1AA2004E4F1E</string>
				<string>CAC4216C1C5A1AA1004E4F1E</string>
				<string>2ED4B5751C983E67001670F6</string>
				<string>A08E58E7964384F4D58E6AE4</string>
			</array>
			<key>isa</key>
			<string>PBXGroup</string>
			<key>sourceTree</key>
			<string>&lt;group&gt;</string>
		</dict>
		<key>CAC421631C5A1AA1004E4F1E</key>
		<dict>
			<key>attributes</key>
			<dict>
				<key>CLASSPREFIX</key>
				<string>SAP</string>
				<key>LastUpgradeCheck</key>
				<string>0700</string>
				<key>ORGANIZATIONNAME</key>
				<string>SAP</string>
				<key>TargetAttributes</key>
				<dict>
					<key>CAC4216A1C5A1AA1004E4F1E</key>
					<dict>
						<key>CreatedOnToolsVersion</key>
						<string>7.0</string>
					</dict>
					<key>CAC421831C5A1AA2004E4F1E</key>
					<dict>
						<key>CreatedOnToolsVersion</key>
						<string>7.0</string>
						<key>TestTargetID</key>
						<string>CAC4216A1C5A1AA1004E4F1E</string>
					</dict>
					<key>CAC4218E1C5A1AA2004E4F1E</key>
					<dict>
						<key>CreatedOnToolsVersion</key>
						<string>7.0</string>
						<key>TestTargetID</key>
						<string>CAC4216A1C5A1AA1004E4F1E</string>
					</dict>
				</dict>
			</dict>
			<key>buildConfigurationList</key>
			<string>CAC421661C5A1AA1004E4F1E</string>
			<key>compatibilityVersion</key>
			<string>Xcode 3.2</string>
			<key>developmentRegion</key>
			<string>English</string>
			<key>hasScannedForEncodings</key>
			<string>0</string>
			<key>isa</key>
			<string>PBXProject</string>
			<key>knownRegions</key>
			<array>
				<string>en</string>
				<string>Base</string>
			</array>
			<key>mainGroup</key>
			<string>CAC421621C5A1AA1004E4F1E</string>
			<key>productRefGroup</key>
			<string>CAC4216C1C5A1AA1004E4F1E</string>
			<key>projectDirPath</key>
			<string></string>
			<key>projectReferences</key>
			<array/>
			<key>projectRoot</key>
			<string></string>
			<key>targets</key>
			<array>
				<string>CAC4216A1C5A1AA1004E4F1E</string>
				<string>CAC421831C5A1AA2004E4F1E</string>
				<string>CAC4218E1C5A1AA2004E4F1E</string>
			</array>
		</dict>
		<key>CAC421661C5A1AA1004E4F1E</key>
		<dict>
			<key>buildConfigurations</key>
			<array>
				<string>CAC421961C5A1AA2004E4F1E</string>
				<string>CAC421971C5A1AA2004E4F1E</string>
			</array>
			<key>defaultConfigurationIsVisible</key>
			<string>0</string>
			<key>defaultConfigurationName</key>
			<string>Release</string>
			<key>isa</key>
			<string>XCConfigurationList</string>
		</dict>
		<key>CAC421671C5A1AA1004E4F1E</key>
		<dict>
			<key>buildActionMask</key>
			<string>2147483647</string>
			<key>files</key>
			<array>
				<string>CAC751C31C85F35400265578</string>
				<string>CAC751DB1C8DBF0F00265578</string>
				<string>2E44ACDD1C94647200965DFA</string>
				<string>CA4B3EF41C6B8CDE00440914</string>
				<string>CA4B3FA41C80619100440914</string>
				<string>CAC421CB1C5A4905004E4F1E</string>
				<string>CA634C111C69C43900DAED4E</string>
				<string>CA4B3F881C7E352D00440914</string>
				<string>CA4B3F641C76FC9500440914</string>
				<string>CA4B3F2E1C74AFFE00440914</string>
				<string>CA4B3F3E1C74C9F600440914</string>
				<string>CA4B3F7C1C7C9A2200440914</string>
				<string>CAC751C71C88619400265578</string>
				<string>CA634C081C69C3FC00DAED4E</string>
				<string>CA634BBE1C63B93100DAED4E</string>
				<string>CA4B3F991C7F352000440914</string>
				<string>CAC751A11C84A07100265578</string>
				<string>CAC421CF1C5A55A2004E4F1E</string>
				<string>CAC751A51C84A08000265578</string>
				<string>CAC751B61C85B4A700265578</string>
				<string>CAC421B01C5A2364004E4F1E</string>
				<string>CA634C071C69C3FC00DAED4E</string>
				<string>CA634BEF1C68D0BD00DAED4E</string>
				<string>CA4B3F661C76FC9500440914</string>
				<string>BECC6AD11C5A907500F96AC9</string>
				<string>CA4B3EE41C6A2DF900440914</string>
				<string>CA634BC21C63B96C00DAED4E</string>
				<string>CA4B3F521C75EAF200440914</string>
				<string>CAC7519D1C84A02A00265578</string>
				<string>CA634C121C69C43900DAED4E</string>
				<string>CAC751DF1C8DFB4000265578</string>
				<string>CA4B3F671C76FC9500440914</string>
				<string>CAC751BB1C85B56D00265578</string>
				<string>CA4B3F651C76FC9500440914</string>
				<string>CA4B3F511C75EAF200440914</string>
				<string>CA634BF01C68D0BD00DAED4E</string>
				<string>CA4B3F821C7DE8DE00440914</string>
				<string>CAC751AD1C85B20300265578</string>
				<string>CA4B3F9E1C805F6C00440914</string>
				<string>CA4B3F371C74C46F00440914</string>
				<string>CA4B3F341C74C31200440914</string>
				<string>CA634BF71C68D14500DAED4E</string>
				<string>CA634BF81C68D14500DAED4E</string>
			</array>
			<key>isa</key>
			<string>PBXSourcesBuildPhase</string>
			<key>runOnlyForDeploymentPostprocessing</key>
			<string>0</string>
		</dict>
		<key>CAC421681C5A1AA1004E4F1E</key>
		<dict>
			<key>buildActionMask</key>
			<string>2147483647</string>
			<key>files</key>
			<array>
				<string>BCCE3BA8393D8C73DFFE3BA9</string>
			</array>
			<key>isa</key>
			<string>PBXFrameworksBuildPhase</string>
			<key>runOnlyForDeploymentPostprocessing</key>
			<string>0</string>
		</dict>
		<key>CAC421691C5A1AA1004E4F1E</key>
		<dict>
			<key>buildActionMask</key>
			<string>2147483647</string>
			<key>files</key>
			<array>
				<string>CAC421CC1C5A4905004E4F1E</string>
				<string>CAC421B11C5A2364004E4F1E</string>
				<string>CA4B3F891C7E352D00440914</string>
				<string>CA4B3EF71C6BBB5400440914</string>
				<string>CA634BE71C68A18300DAED4E</string>
				<string>CA634C091C69C3FC00DAED4E</string>
				<string>CA4B3F9F1C805F6C00440914</string>
				<string>CA4B3EF81C6BBB5400440914</string>
			</array>
			<key>isa</key>
			<string>PBXResourcesBuildPhase</string>
			<key>runOnlyForDeploymentPostprocessing</key>
			<string>0</string>
		</dict>
		<key>CAC4216A1C5A1AA1004E4F1E</key>
		<dict>
			<key>buildConfigurationList</key>
			<string>CAC421981C5A1AA2004E4F1E</string>
			<key>buildPhases</key>
			<array>
				<string>0103AEDEAB852E35D68B3772</string>
				<string>CAC421671C5A1AA1004E4F1E</string>
				<string>CAC421681C5A1AA1004E4F1E</string>
				<string>CAC421691C5A1AA1004E4F1E</string>
				<string>9B952EB84FC46D3E3BD237E6</string>
				<string>36886B54E45E42B81D98EA7F</string>
			</array>
			<key>buildRules</key>
			<array/>
			<key>dependencies</key>
			<array/>
			<key>isa</key>
			<string>PBXNativeTarget</string>
			<key>name</key>
			<string>IOSProject</string>
			<key>productName</key>
			<string>IOSProject</string>
			<key>productReference</key>
			<string>CAC4216B1C5A1AA1004E4F1E</string>
			<key>productType</key>
			<string>com.apple.product-type.application</string>
		</dict>
		<key>CAC4216B1C5A1AA1004E4F1E</key>
		<dict>
			<key>explicitFileType</key>
			<string>wrapper.application</string>
			<key>includeInIndex</key>
			<string>0</string>
			<key>isa</key>
			<string>PBXFileReference</string>
			<key>path</key>
			<string>IOSProject.app</string>
			<key>sourceTree</key>
			<string>BUILT_PRODUCTS_DIR</string>
		</dict>
		<key>CAC4216C1C5A1AA1004E4F1E</key>
		<dict>
			<key>children</key>
			<array>
				<string>CAC4216B1C5A1AA1004E4F1E</string>
				<string>CAC421841C5A1AA2004E4F1E</string>
				<string>CAC4218F1C5A1AA2004E4F1E</string>
			</array>
			<key>isa</key>
			<string>PBXGroup</string>
			<key>name</key>
			<string>Products</string>
			<key>sourceTree</key>
			<string>&lt;group&gt;</string>
		</dict>
		<key>CAC421801C5A1AA2004E4F1E</key>
		<dict>
			<key>buildActionMask</key>
			<string>2147483647</string>
			<key>files</key>
			<array>
				<string>CAC421891C5A1AA2004E4F1E</string>
			</array>
			<key>isa</key>
			<string>PBXSourcesBuildPhase</string>
			<key>runOnlyForDeploymentPostprocessing</key>
			<string>0</string>
		</dict>
		<key>CAC421811C5A1AA2004E4F1E</key>
		<dict>
			<key>buildActionMask</key>
			<string>2147483647</string>
			<key>files</key>
			<array/>
			<key>isa</key>
			<string>PBXFrameworksBuildPhase</string>
			<key>runOnlyForDeploymentPostprocessing</key>
			<string>0</string>
		</dict>
		<key>CAC421821C5A1AA2004E4F1E</key>
		<dict>
			<key>buildActionMask</key>
			<string>2147483647</string>
			<key>files</key>
			<array/>
			<key>isa</key>
			<string>PBXResourcesBuildPhase</string>
			<key>runOnlyForDeploymentPostprocessing</key>
			<string>0</string>
		</dict>
		<key>CAC421831C5A1AA2004E4F1E</key>
		<dict>
			<key>buildConfigurationList</key>
			<string>CAC4219B1C5A1AA2004E4F1E</string>
			<key>buildPhases</key>
			<array>
				<string>CAC421801C5A1AA2004E4F1E</string>
				<string>CAC421811C5A1AA2004E4F1E</string>
				<string>CAC421821C5A1AA2004E4F1E</string>
			</array>
			<key>buildRules</key>
			<array/>
			<key>dependencies</key>
			<array>
				<string>CAC421861C5A1AA2004E4F1E</string>
			</array>
			<key>isa</key>
			<string>PBXNativeTarget</string>
			<key>name</key>
			<string>IOSProjectTests</string>
			<key>productName</key>
			<string>IOSProjectTests</string>
			<key>productReference</key>
			<string>CAC421841C5A1AA2004E4F1E</string>
			<key>productType</key>
			<string>com.apple.product-type.bundle.unit-test</string>
		</dict>
		<key>CAC421841C5A1AA2004E4F1E</key>
		<dict>
			<key>explicitFileType</key>
			<string>wrapper.cfbundle</string>
			<key>includeInIndex</key>
			<string>0</string>
			<key>isa</key>
			<string>PBXFileReference</string>
			<key>path</key>
			<string>IOSProjectTests.xctest</string>
			<key>sourceTree</key>
			<string>BUILT_PRODUCTS_DIR</string>
		</dict>
		<key>CAC421851C5A1AA2004E4F1E</key>
		<dict>
			<key>containerPortal</key>
			<string>CAC421631C5A1AA1004E4F1E</string>
			<key>isa</key>
			<string>PBXContainerItemProxy</string>
			<key>proxyType</key>
			<string>1</string>
			<key>remoteGlobalIDString</key>
			<string>CAC4216A1C5A1AA1004E4F1E</string>
			<key>remoteInfo</key>
			<string>IOSProject</string>
		</dict>
		<key>CAC421861C5A1AA2004E4F1E</key>
		<dict>
			<key>isa</key>
			<string>PBXTargetDependency</string>
			<key>target</key>
			<string>CAC4216A1C5A1AA1004E4F1E</string>
			<key>targetProxy</key>
			<string>CAC421851C5A1AA2004E4F1E</string>
		</dict>
		<key>CAC421871C5A1AA2004E4F1E</key>
		<dict>
			<key>children</key>
			<array>
				<string>CAC421881C5A1AA2004E4F1E</string>
				<string>CAC4218A1C5A1AA2004E4F1E</string>
			</array>
			<key>isa</key>
			<string>PBXGroup</string>
			<key>path</key>
			<string>IOSProjectTests</string>
			<key>sourceTree</key>
			<string>&lt;group&gt;</string>
		</dict>
		<key>CAC421881C5A1AA2004E4F1E</key>
		<dict>
			<key>isa</key>
			<string>PBXFileReference</string>
			<key>lastKnownFileType</key>
			<string>sourcecode.c.objc</string>
			<key>path</key>
			<string>IOSProjectTests.m</string>
			<key>sourceTree</key>
			<string>&lt;group&gt;</string>
		</dict>
		<key>CAC421891C5A1AA2004E4F1E</key>
		<dict>
			<key>fileRef</key>
			<string>CAC421881C5A1AA2004E4F1E</string>
			<key>isa</key>
			<string>PBXBuildFile</string>
		</dict>
		<key>CAC4218A1C5A1AA2004E4F1E</key>
		<dict>
			<key>isa</key>
			<string>PBXFileReference</string>
			<key>lastKnownFileType</key>
			<string>text.plist.xml</string>
			<key>path</key>
			<string>Info.plist</string>
			<key>sourceTree</key>
			<string>&lt;group&gt;</string>
		</dict>
		<key>CAC4218B1C5A1AA2004E4F1E</key>
		<dict>
			<key>buildActionMask</key>
			<string>2147483647</string>
			<key>files</key>
			<array>
				<string>CAC421941C5A1AA2004E4F1E</string>
			</array>
			<key>isa</key>
			<string>PBXSourcesBuildPhase</string>
			<key>runOnlyForDeploymentPostprocessing</key>
			<string>0</string>
		</dict>
		<key>CAC4218C1C5A1AA2004E4F1E</key>
		<dict>
			<key>buildActionMask</key>
			<string>2147483647</string>
			<key>files</key>
			<array/>
			<key>isa</key>
			<string>PBXFrameworksBuildPhase</string>
			<key>runOnlyForDeploymentPostprocessing</key>
			<string>0</string>
		</dict>
		<key>CAC4218D1C5A1AA2004E4F1E</key>
		<dict>
			<key>buildActionMask</key>
			<string>2147483647</string>
			<key>files</key>
			<array/>
			<key>isa</key>
			<string>PBXResourcesBuildPhase</string>
			<key>runOnlyForDeploymentPostprocessing</key>
			<string>0</string>
		</dict>
		<key>CAC4218E1C5A1AA2004E4F1E</key>
		<dict>
			<key>buildConfigurationList</key>
			<string>CAC4219E1C5A1AA2004E4F1E</string>
			<key>buildPhases</key>
			<array>
				<string>CAC4218B1C5A1AA2004E4F1E</string>
				<string>CAC4218C1C5A1AA2004E4F1E</string>
				<string>CAC4218D1C5A1AA2004E4F1E</string>
			</array>
			<key>buildRules</key>
			<array/>
			<key>dependencies</key>
			<array>
				<string>CAC421911C5A1AA2004E4F1E</string>
			</array>
			<key>isa</key>
			<string>PBXNativeTarget</string>
			<key>name</key>
			<string>IOSProjectUITests</string>
			<key>productName</key>
			<string>IOSProjectUITests</string>
			<key>productReference</key>
			<string>CAC4218F1C5A1AA2004E4F1E</string>
			<key>productType</key>
			<string>com.apple.product-type.bundle.ui-testing</string>
		</dict>
		<key>CAC4218F1C5A1AA2004E4F1E</key>
		<dict>
			<key>explicitFileType</key>
			<string>wrapper.cfbundle</string>
			<key>includeInIndex</key>
			<string>0</string>
			<key>isa</key>
			<string>PBXFileReference</string>
			<key>path</key>
			<string>IOSProjectUITests.xctest</string>
			<key>sourceTree</key>
			<string>BUILT_PRODUCTS_DIR</string>
		</dict>
		<key>CAC421901C5A1AA2004E4F1E</key>
		<dict>
			<key>containerPortal</key>
			<string>CAC421631C5A1AA1004E4F1E</string>
			<key>isa</key>
			<string>PBXContainerItemProxy</string>
			<key>proxyType</key>
			<string>1</string>
			<key>remoteGlobalIDString</key>
			<string>CAC4216A1C5A1AA1004E4F1E</string>
			<key>remoteInfo</key>
			<string>IOSProject</string>
		</dict>
		<key>CAC421911C5A1AA2004E4F1E</key>
		<dict>
			<key>isa</key>
			<string>PBXTargetDependency</string>
			<key>target</key>
			<string>CAC4216A1C5A1AA1004E4F1E</string>
			<key>targetProxy</key>
			<string>CAC421901C5A1AA2004E4F1E</string>
		</dict>
		<key>CAC421921C5A1AA2004E4F1E</key>
		<dict>
			<key>children</key>
			<array>
				<string>CAC421931C5A1AA2004E4F1E</string>
				<string>CAC421951C5A1AA2004E4F1E</string>
			</array>
			<key>isa</key>
			<string>PBXGroup</string>
			<key>path</key>
			<string>IOSProjectUITests</string>
			<key>sourceTree</key>
			<string>&lt;group&gt;</string>
		</dict>
		<key>CAC421931C5A1AA2004E4F1E</key>
		<dict>
			<key>isa</key>
			<string>PBXFileReference</string>
			<key>lastKnownFileType</key>
			<string>sourcecode.c.objc</string>
			<key>path</key>
			<string>IOSProjectUITests.m</string>
			<key>sourceTree</key>
			<string>&lt;group&gt;</string>
		</dict>
		<key>CAC421941C5A1AA2004E4F1E</key>
		<dict>
			<key>fileRef</key>
			<string>CAC421931C5A1AA2004E4F1E</string>
			<key>isa</key>
			<string>PBXBuildFile</string>
		</dict>
		<key>CAC421951C5A1AA2004E4F1E</key>
		<dict>
			<key>isa</key>
			<string>PBXFileReference</string>
			<key>lastKnownFileType</key>
			<string>text.plist.xml</string>
			<key>path</key>
			<string>Info.plist</string>
			<key>sourceTree</key>
			<string>&lt;group&gt;</string>
		</dict>
		<key>CAC421961C5A1AA2004E4F1E</key>
		<dict>
			<key>buildSettings</key>
			<dict>
				<key>ALWAYS_SEARCH_USER_PATHS</key>
				<string>NO</string>
				<key>CLANG_CXX_LANGUAGE_STANDARD</key>
				<string>gnu++0x</string>
				<key>CLANG_CXX_LIBRARY</key>
				<string>libc++</string>
				<key>CLANG_ENABLE_MODULES</key>
				<string>YES</string>
				<key>CLANG_ENABLE_OBJC_ARC</key>
				<string>YES</string>
				<key>CLANG_WARN_BOOL_CONVERSION</key>
				<string>YES</string>
				<key>CLANG_WARN_CONSTANT_CONVERSION</key>
				<string>YES</string>
				<key>CLANG_WARN_DIRECT_OBJC_ISA_USAGE</key>
				<string>YES_ERROR</string>
				<key>CLANG_WARN_EMPTY_BODY</key>
				<string>YES</string>
				<key>CLANG_WARN_ENUM_CONVERSION</key>
				<string>YES</string>
				<key>CLANG_WARN_INT_CONVERSION</key>
				<string>YES</string>
				<key>CLANG_WARN_OBJC_ROOT_CLASS</key>
				<string>YES_ERROR</string>
				<key>CLANG_WARN_UNREACHABLE_CODE</key>
				<string>YES</string>
				<key>CLANG_WARN__DUPLICATE_METHOD_MATCH</key>
				<string>YES</string>
				<key>CODE_SIGN_IDENTITY[sdk=iphoneos*]</key>
				<string>iPhone Developer</string>
				<key>COPY_PHASE_STRIP</key>
				<string>NO</string>
				<key>DEBUG_INFORMATION_FORMAT</key>
				<string>dwarf</string>
				<key>ENABLE_STRICT_OBJC_MSGSEND</key>
				<string>YES</string>
				<key>ENABLE_TESTABILITY</key>
				<string>YES</string>
				<key>GCC_C_LANGUAGE_STANDARD</key>
				<string>gnu99</string>
				<key>GCC_DYNAMIC_NO_PIC</key>
				<string>NO</string>
				<key>GCC_NO_COMMON_BLOCKS</key>
				<string>YES</string>
				<key>GCC_OPTIMIZATION_LEVEL</key>
				<string>0</string>
				<key>GCC_PREPROCESSOR_DEFINITIONS</key>
				<array>
					<string>DEBUG=1</string>
					<string>$(inherited)</string>
				</array>
				<key>GCC_WARN_64_TO_32_BIT_CONVERSION</key>
				<string>YES</string>
				<key>GCC_WARN_ABOUT_RETURN_TYPE</key>
				<string>YES_ERROR</string>
				<key>GCC_WARN_UNDECLARED_SELECTOR</key>
				<string>YES</string>
				<key>GCC_WARN_UNINITIALIZED_AUTOS</key>
				<string>YES_AGGRESSIVE</string>
				<key>GCC_WARN_UNUSED_FUNCTION</key>
				<string>YES</string>
				<key>GCC_WARN_UNUSED_VARIABLE</key>
				<string>YES</string>
				<key>IPHONEOS_DEPLOYMENT_TARGET</key>
				<string>8.0</string>
				<key>MTL_ENABLE_DEBUG_INFO</key>
				<string>YES</string>
				<key>ONLY_ACTIVE_ARCH</key>
				<string>YES</string>
				<key>SDKROOT</key>
				<string>iphoneos</string>
			</dict>
			<key>isa</key>
			<string>XCBuildConfiguration</string>
			<key>name</key>
			<string>Debug</string>
		</dict>
		<key>CAC421971C5A1AA2004E4F1E</key>
		<dict>
			<key>buildSettings</key>
			<dict>
				<key>ALWAYS_SEARCH_USER_PATHS</key>
				<string>NO</string>
				<key>CLANG_CXX_LANGUAGE_STANDARD</key>
				<string>gnu++0x</string>
				<key>CLANG_CXX_LIBRARY</key>
				<string>libc++</string>
				<key>CLANG_ENABLE_MODULES</key>
				<string>YES</string>
				<key>CLANG_ENABLE_OBJC_ARC</key>
				<string>YES</string>
				<key>CLANG_WARN_BOOL_CONVERSION</key>
				<string>YES</string>
				<key>CLANG_WARN_CONSTANT_CONVERSION</key>
				<string>YES</string>
				<key>CLANG_WARN_DIRECT_OBJC_ISA_USAGE</key>
				<string>YES_ERROR</string>
				<key>CLANG_WARN_EMPTY_BODY</key>
				<string>YES</string>
				<key>CLANG_WARN_ENUM_CONVERSION</key>
				<string>YES</string>
				<key>CLANG_WARN_INT_CONVERSION</key>
				<string>YES</string>
				<key>CLANG_WARN_OBJC_ROOT_CLASS</key>
				<string>YES_ERROR</string>
				<key>CLANG_WARN_UNREACHABLE_CODE</key>
				<string>YES</string>
				<key>CLANG_WARN__DUPLICATE_METHOD_MATCH</key>
				<string>YES</string>
				<key>CODE_SIGN_IDENTITY[sdk=iphoneos*]</key>
				<string>iPhone Developer</string>
				<key>COPY_PHASE_STRIP</key>
				<string>NO</string>
				<key>DEBUG_INFORMATION_FORMAT</key>
				<string>dwarf-with-dsym</string>
				<key>ENABLE_NS_ASSERTIONS</key>
				<string>NO</string>
				<key>ENABLE_STRICT_OBJC_MSGSEND</key>
				<string>YES</string>
				<key>GCC_C_LANGUAGE_STANDARD</key>
				<string>gnu99</string>
				<key>GCC_NO_COMMON_BLOCKS</key>
				<string>YES</string>
				<key>GCC_WARN_64_TO_32_BIT_CONVERSION</key>
				<string>YES</string>
				<key>GCC_WARN_ABOUT_RETURN_TYPE</key>
				<string>YES_ERROR</string>
				<key>GCC_WARN_UNDECLARED_SELECTOR</key>
				<string>YES</string>
				<key>GCC_WARN_UNINITIALIZED_AUTOS</key>
				<string>YES_AGGRESSIVE</string>
				<key>GCC_WARN_UNUSED_FUNCTION</key>
				<string>YES</string>
				<key>GCC_WARN_UNUSED_VARIABLE</key>
				<string>YES</string>
				<key>IPHONEOS_DEPLOYMENT_TARGET</key>
				<string>8.0</string>
				<key>MTL_ENABLE_DEBUG_INFO</key>
				<string>NO</string>
				<key>SDKROOT</key>
				<string>iphoneos</string>
				<key>VALIDATE_PRODUCT</key>
				<string>YES</string>
			</dict>
			<key>isa</key>
			<string>XCBuildConfiguration</string>
			<key>name</key>
			<string>Release</string>
		</dict>
		<key>CAC421981C5A1AA2004E4F1E</key>
		<dict>
			<key>buildConfigurations</key>
			<array>
				<string>CAC421991C5A1AA2004E4F1E</string>
				<string>CAC4219A1C5A1AA2004E4F1E</string>
			</array>
			<key>defaultConfigurationIsVisible</key>
			<string>0</string>
			<key>defaultConfigurationName</key>
			<string>Release</string>
			<key>isa</key>
			<string>XCConfigurationList</string>
		</dict>
		<key>CAC421991C5A1AA2004E4F1E</key>
		<dict>
			<key>baseConfigurationReference</key>
			<string>9C3A0C6027376A0B84EA06B0</string>
			<key>buildSettings</key>
			<dict>
				<key>ASSETCATALOG_COMPILER_APPICON_NAME</key>
				<string>AppIcon</string>
				<key>FRAMEWORK_SEARCH_PATHS</key>
				<array>
					<string>$(inherited)</string>
					<string>$(PROJECT_DIR)/Frameworks</string>
					<string>/Users/SAP/Documents/FacebookSDK</string>
				</array>
				<key>GCC_WARN_SHADOW</key>
				<string>YES</string>
				<key>INFOPLIST_FILE</key>
				<string>IOSProject/Info.plist</string>
				<key>IPHONEOS_DEPLOYMENT_TARGET</key>
				<string>8.0</string>
				<key>LD_RUNPATH_SEARCH_PATHS</key>
				<string>$(inherited) @executable_path/Frameworks</string>
				<key>PRODUCT_BUNDLE_IDENTIFIER</key>
				<string>SAP.IOSProject</string>
				<key>PRODUCT_NAME</key>
				<string>$(TARGET_NAME)</string>
			</dict>
			<key>isa</key>
			<string>XCBuildConfiguration</string>
			<key>name</key>
			<string>Debug</string>
		</dict>
		<key>CAC4219A1C5A1AA2004E4F1E</key>
		<dict>
			<key>baseConfigurationReference</key>
			<string>BD9AF0381EE1D59B93A1DB91</string>
			<key>buildSettings</key>
			<dict>
				<key>ASSETCATALOG_COMPILER_APPICON_NAME</key>
				<string>AppIcon</string>
				<key>FRAMEWORK_SEARCH_PATHS</key>
				<array>
					<string>$(inherited)</string>
					<string>$(PROJECT_DIR)/Frameworks</string>
					<string>/Users/SAP/Documents/FacebookSDK</string>
				</array>
				<key>GCC_WARN_SHADOW</key>
				<string>YES</string>
				<key>INFOPLIST_FILE</key>
				<string>IOSProject/Info.plist</string>
				<key>IPHONEOS_DEPLOYMENT_TARGET</key>
				<string>8.0</string>
				<key>LD_RUNPATH_SEARCH_PATHS</key>
				<string>$(inherited) @executable_path/Frameworks</string>
				<key>PRODUCT_BUNDLE_IDENTIFIER</key>
				<string>SAP.IOSProject</string>
				<key>PRODUCT_NAME</key>
				<string>$(TARGET_NAME)</string>
			</dict>
			<key>isa</key>
			<string>XCBuildConfiguration</string>
			<key>name</key>
			<string>Release</string>
		</dict>
		<key>CAC4219B1C5A1AA2004E4F1E</key>
		<dict>
			<key>buildConfigurations</key>
			<array>
				<string>CAC4219C1C5A1AA2004E4F1E</string>
				<string>CAC4219D1C5A1AA2004E4F1E</string>
			</array>
			<key>defaultConfigurationIsVisible</key>
			<string>0</string>
			<key>defaultConfigurationName</key>
			<string>Release</string>
			<key>isa</key>
			<string>XCConfigurationList</string>
		</dict>
		<key>CAC4219C1C5A1AA2004E4F1E</key>
		<dict>
			<key>buildSettings</key>
			<dict>
				<key>BUNDLE_LOADER</key>
				<string>$(TEST_HOST)</string>
				<key>INFOPLIST_FILE</key>
				<string>IOSProjectTests/Info.plist</string>
				<key>LD_RUNPATH_SEARCH_PATHS</key>
				<string>$(inherited) @executable_path/Frameworks @loader_path/Frameworks</string>
				<key>PRODUCT_BUNDLE_IDENTIFIER</key>
				<string>SAP.IOSProjectTests</string>
				<key>PRODUCT_NAME</key>
				<string>$(TARGET_NAME)</string>
				<key>TEST_HOST</key>
				<string>$(BUILT_PRODUCTS_DIR)/IOSProject.app/IOSProject</string>
			</dict>
			<key>isa</key>
			<string>XCBuildConfiguration</string>
			<key>name</key>
			<string>Debug</string>
		</dict>
		<key>CAC4219D1C5A1AA2004E4F1E</key>
		<dict>
			<key>buildSettings</key>
			<dict>
				<key>BUNDLE_LOADER</key>
				<string>$(TEST_HOST)</string>
				<key>INFOPLIST_FILE</key>
				<string>IOSProjectTests/Info.plist</string>
				<key>LD_RUNPATH_SEARCH_PATHS</key>
				<string>$(inherited) @executable_path/Frameworks @loader_path/Frameworks</string>
				<key>PRODUCT_BUNDLE_IDENTIFIER</key>
				<string>SAP.IOSProjectTests</string>
				<key>PRODUCT_NAME</key>
				<string>$(TARGET_NAME)</string>
				<key>TEST_HOST</key>
				<string>$(BUILT_PRODUCTS_DIR)/IOSProject.app/IOSProject</string>
			</dict>
			<key>isa</key>
			<string>XCBuildConfiguration</string>
			<key>name</key>
			<string>Release</string>
		</dict>
		<key>CAC4219E1C5A1AA2004E4F1E</key>
		<dict>
			<key>buildConfigurations</key>
			<array>
				<string>CAC4219F1C5A1AA2004E4F1E</string>
				<string>CAC421A01C5A1AA2004E4F1E</string>
			</array>
			<key>defaultConfigurationIsVisible</key>
			<string>0</string>
			<key>defaultConfigurationName</key>
			<string>Release</string>
			<key>isa</key>
			<string>XCConfigurationList</string>
		</dict>
		<key>CAC4219F1C5A1AA2004E4F1E</key>
		<dict>
			<key>buildSettings</key>
			<dict>
				<key>GCC_WARN_SHADOW</key>
				<string>YES</string>
				<key>INFOPLIST_FILE</key>
				<string>IOSProjectUITests/Info.plist</string>
				<key>LD_RUNPATH_SEARCH_PATHS</key>
				<string>$(inherited) @executable_path/Frameworks @loader_path/Frameworks</string>
				<key>PRODUCT_BUNDLE_IDENTIFIER</key>
				<string>SAP.IOSProjectUITests</string>
				<key>PRODUCT_NAME</key>
				<string>$(TARGET_NAME)</string>
				<key>TEST_TARGET_NAME</key>
				<string>IOSProject</string>
				<key>USES_XCTRUNNER</key>
				<string>YES</string>
			</dict>
			<key>isa</key>
			<string>XCBuildConfiguration</string>
			<key>name</key>
			<string>Debug</string>
		</dict>
		<key>CAC421A01C5A1AA2004E4F1E</key>
		<dict>
			<key>buildSettings</key>
			<dict>
				<key>GCC_WARN_SHADOW</key>
				<string>YES</string>
				<key>INFOPLIST_FILE</key>
				<string>IOSProjectUITests/Info.plist</string>
				<key>LD_RUNPATH_SEARCH_PATHS</key>
				<string>$(inherited) @executable_path/Frameworks @loader_path/Frameworks</string>
				<key>PRODUCT_BUNDLE_IDENTIFIER</key>
				<string>SAP.IOSProjectUITests</string>
				<key>PRODUCT_NAME</key>
				<string>$(TARGET_NAME)</string>
				<key>TEST_TARGET_NAME</key>
				<string>IOSProject</string>
				<key>USES_XCTRUNNER</key>
				<string>YES</string>
			</dict>
			<key>isa</key>
			<string>XCBuildConfiguration</string>
			<key>name</key>
			<string>Release</string>
		</dict>
		<key>CAC421A11C5A2364004E4F1E</key>
		<dict>
			<key>children</key>
			<array>
				<string>CAC421A31C5A2364004E4F1E</string>
				<string>CAC421A21C5A2364004E4F1E</string>
				<string>BECC6ACF1C5A907500F96AC9</string>
				<string>BECC6AD01C5A907500F96AC9</string>
			</array>
			<key>isa</key>
			<string>PBXGroup</string>
			<key>path</key>
			<string>IOSProject</string>
			<key>sourceTree</key>
			<string>&lt;group&gt;</string>
		</dict>
		<key>CAC421A21C5A2364004E4F1E</key>
		<dict>
			<key>fileEncoding</key>
			<string>4</string>
			<key>isa</key>
			<string>PBXFileReference</string>
			<key>lastKnownFileType</key>
			<string>text.plist.xml</string>
			<key>path</key>
			<string>Info.plist</string>
			<key>sourceTree</key>
			<string>&lt;group&gt;</string>
		</dict>
		<key>CAC421A31C5A2364004E4F1E</key>
		<dict>
			<key>fileEncoding</key>
			<string>4</string>
			<key>isa</key>
			<string>PBXFileReference</string>
			<key>lastKnownFileType</key>
			<string>sourcecode.c.objc</string>
			<key>path</key>
			<string>main.m</string>
			<key>sourceTree</key>
			<string>&lt;group&gt;</string>
		</dict>
		<key>CAC421A41C5A2364004E4F1E</key>
		<dict>
			<key>children</key>
			<array>
				<string>CA634BE51C68A18300DAED4E</string>
				<string>CAC421A51C5A2364004E4F1E</string>
			</array>
			<key>isa</key>
			<string>PBXGroup</string>
			<key>path</key>
			<string>Resources</string>
			<key>sourceTree</key>
			<string>&lt;group&gt;</string>
		</dict>
		<key>CAC421A51C5A2364004E4F1E</key>
		<dict>
			<key>isa</key>
			<string>PBXFileReference</string>
			<key>lastKnownFileType</key>
			<string>folder.assetcatalog</string>
			<key>path</key>
			<string>Assets.xcassets</string>
			<key>sourceTree</key>
			<string>&lt;group&gt;</string>
		</dict>
		<key>CAC421B01C5A2364004E4F1E</key>
		<dict>
			<key>fileRef</key>
			<string>CAC421A31C5A2364004E4F1E</string>
			<key>isa</key>
			<string>PBXBuildFile</string>
		</dict>
		<key>CAC421B11C5A2364004E4F1E</key>
		<dict>
			<key>fileRef</key>
			<string>CAC421A51C5A2364004E4F1E</string>
			<key>isa</key>
			<string>PBXBuildFile</string>
		</dict>
		<key>CAC421B61C5A24F7004E4F1E</key>
		<dict>
			<key>children</key>
			<array>
				<string>CAC421C61C5A4905004E4F1E</string>
				<string>CAC421BA1C5A24F7004E4F1E</string>
				<string>CAC421B91C5A24F7004E4F1E</string>
			</array>
			<key>isa</key>
			<string>PBXGroup</string>
			<key>path</key>
			<string>Source</string>
			<key>sourceTree</key>
			<string>&lt;group&gt;</string>
		</dict>
		<key>CAC421B91C5A24F7004E4F1E</key>
		<dict>
			<key>children</key>
			<array>
				<string>CA4B3F951C7F352000440914</string>
				<string>CA634BE81C68D0BD00DAED4E</string>
				<string>CA4AA8941C5BC6E100B1CBEC</string>
				<string>CA4B3F011C73480F00440914</string>
				<string>CA634BF91C68F19400DAED4E</string>
			</array>
			<key>isa</key>
			<string>PBXGroup</string>
			<key>path</key>
			<string>Library</string>
			<key>sourceTree</key>
			<string>&lt;group&gt;</string>
		</dict>
		<key>CAC421BA1C5A24F7004E4F1E</key>
		<dict>
			<key>children</key>
			<array>
				<string>CA634C0C1C69C43900DAED4E</string>
			</array>
			<key>isa</key>
			<string>PBXGroup</string>
			<key>path</key>
			<string>Models</string>
			<key>sourceTree</key>
			<string>&lt;group&gt;</string>
		</dict>
		<key>CAC421C61C5A4905004E4F1E</key>
		<dict>
			<key>children</key>
			<array>
				<string>CA634BFD1C69C3FC00DAED4E</string>
				<string>CAC421C71C5A4905004E4F1E</string>
			</array>
			<key>isa</key>
			<string>PBXGroup</string>
			<key>path</key>
			<string>UI</string>
			<key>sourceTree</key>
			<string>&lt;group&gt;</string>
		</dict>
		<key>CAC421C71C5A4905004E4F1E</key>
		<dict>
			<key>children</key>
			<array>
				<string>CAC421C81C5A4905004E4F1E</string>
				<string>CAC421C91C5A4905004E4F1E</string>
				<string>CAC421CA1C5A4905004E4F1E</string>
				<string>CAC421CD1C5A55A2004E4F1E</string>
				<string>CAC421CE1C5A55A2004E4F1E</string>
			</array>
			<key>isa</key>
			<string>PBXGroup</string>
			<key>path</key>
			<string>SAPSquareViewController</string>
			<key>sourceTree</key>
			<string>&lt;group&gt;</string>
		</dict>
		<key>CAC421C81C5A4905004E4F1E</key>
		<dict>
			<key>fileEncoding</key>
			<string>4</string>
			<key>isa</key>
			<string>PBXFileReference</string>
			<key>lastKnownFileType</key>
			<string>sourcecode.c.h</string>
			<key>path</key>
			<string>SAPSquareViewController.h</string>
			<key>sourceTree</key>
			<string>&lt;group&gt;</string>
		</dict>
		<key>CAC421C91C5A4905004E4F1E</key>
		<dict>
			<key>fileEncoding</key>
			<string>4</string>
			<key>isa</key>
			<string>PBXFileReference</string>
			<key>lastKnownFileType</key>
			<string>sourcecode.c.objc</string>
			<key>path</key>
			<string>SAPSquareViewController.m</string>
			<key>sourceTree</key>
			<string>&lt;group&gt;</string>
		</dict>
		<key>CAC421CA1C5A4905004E4F1E</key>
		<dict>
			<key>fileEncoding</key>
			<string>4</string>
			<key>isa</key>
			<string>PBXFileReference</string>
			<key>lastKnownFileType</key>
			<string>file.xib</string>
			<key>path</key>
			<string>SAPSquareViewController.xib</string>
			<key>sourceTree</key>
			<string>&lt;group&gt;</string>
		</dict>
		<key>CAC421CB1C5A4905004E4F1E</key>
		<dict>
			<key>fileRef</key>
			<string>CAC421C91C5A4905004E4F1E</string>
			<key>isa</key>
			<string>PBXBuildFile</string>
		</dict>
		<key>CAC421CC1C5A4905004E4F1E</key>
		<dict>
			<key>fileRef</key>
			<string>CAC421CA1C5A4905004E4F1E</string>
			<key>isa</key>
			<string>PBXBuildFile</string>
		</dict>
		<key>CAC421CD1C5A55A2004E4F1E</key>
		<dict>
			<key>fileEncoding</key>
			<string>4</string>
			<key>isa</key>
			<string>PBXFileReference</string>
			<key>lastKnownFileType</key>
			<string>sourcecode.c.h</string>
			<key>path</key>
			<string>SAPSquareView.h</string>
			<key>sourceTree</key>
			<string>&lt;group&gt;</string>
		</dict>
		<key>CAC421CE1C5A55A2004E4F1E</key>
		<dict>
			<key>fileEncoding</key>
			<string>4</string>
			<key>isa</key>
			<string>PBXFileReference</string>
			<key>lastKnownFileType</key>
			<string>sourcecode.c.objc</string>
			<key>path</key>
			<string>SAPSquareView.m</string>
			<key>sourceTree</key>
			<string>&lt;group&gt;</string>
		</dict>
		<key>CAC421CF1C5A55A2004E4F1E</key>
		<dict>
			<key>fileRef</key>
			<string>CAC421CE1C5A55A2004E4F1E</string>
			<key>isa</key>
			<string>PBXBuildFile</string>
		</dict>
		<key>CAC751901C847A4600265578</key>
		<dict>
			<key>children</key>
			<array>
				<string>CAC751AA1C85B1E700265578</string>
				<string>CAC7519A1C84A02A00265578</string>
			</array>
			<key>isa</key>
			<string>PBXGroup</string>
			<key>path</key>
			<string>NSObject</string>
			<key>sourceTree</key>
			<string>&lt;group&gt;</string>
		</dict>
		<key>CAC7519A1C84A02A00265578</key>
		<dict>
			<key>children</key>
			<array>
				<string>CAC7519B1C84A02A00265578</string>
				<string>CAC7519C1C84A02A00265578</string>
			</array>
			<key>isa</key>
			<string>PBXGroup</string>
			<key>path</key>
			<string>SAPAssociatedObjects</string>
			<key>sourceTree</key>
			<string>&lt;group&gt;</string>
		</dict>
		<key>CAC7519B1C84A02A00265578</key>
		<dict>
			<key>fileEncoding</key>
			<string>4</string>
			<key>isa</key>
			<string>PBXFileReference</string>
			<key>lastKnownFileType</key>
			<string>sourcecode.c.h</string>
			<key>path</key>
			<string>NSObject+SAPAssociatedObjects.h</string>
			<key>sourceTree</key>
			<string>&lt;group&gt;</string>
		</dict>
		<key>CAC7519C1C84A02A00265578</key>
		<dict>
			<key>fileEncoding</key>
			<string>4</string>
			<key>isa</key>
			<string>PBXFileReference</string>
			<key>lastKnownFileType</key>
			<string>sourcecode.c.objc</string>
			<key>path</key>
			<string>NSObject+SAPAssociatedObjects.m</string>
			<key>sourceTree</key>
			<string>&lt;group&gt;</string>
		</dict>
		<key>CAC7519D1C84A02A00265578</key>
		<dict>
			<key>fileRef</key>
			<string>CAC7519C1C84A02A00265578</string>
			<key>isa</key>
			<string>PBXBuildFile</string>
		</dict>
		<key>CAC7519E1C84A07100265578</key>
		<dict>
			<key>children</key>
			<array>
				<string>CAC7519F1C84A07100265578</string>
				<string>CAC751A01C84A07100265578</string>
			</array>
			<key>isa</key>
			<string>PBXGroup</string>
			<key>path</key>
			<string>IOPRandomName</string>
			<key>sourceTree</key>
			<string>&lt;group&gt;</string>
		</dict>
		<key>CAC7519F1C84A07100265578</key>
		<dict>
			<key>fileEncoding</key>
			<string>4</string>
			<key>isa</key>
			<string>PBXFileReference</string>
			<key>lastKnownFileType</key>
			<string>sourcecode.c.h</string>
			<key>path</key>
			<string>NSString+IOPRandomName.h</string>
			<key>sourceTree</key>
			<string>&lt;group&gt;</string>
		</dict>
		<key>CAC751A01C84A07100265578</key>
		<dict>
			<key>fileEncoding</key>
			<string>4</string>
			<key>isa</key>
			<string>PBXFileReference</string>
			<key>lastKnownFileType</key>
			<string>sourcecode.c.objc</string>
			<key>path</key>
			<string>NSString+IOPRandomName.m</string>
			<key>sourceTree</key>
			<string>&lt;group&gt;</string>
		</dict>
		<key>CAC751A11C84A07100265578</key>
		<dict>
			<key>fileRef</key>
			<string>CAC751A01C84A07100265578</string>
			<key>isa</key>
			<string>PBXBuildFile</string>
		</dict>
		<key>CAC751A21C84A08000265578</key>
		<dict>
			<key>children</key>
			<array>
				<string>CAC751A31C84A08000265578</string>
				<string>CAC751A41C84A08000265578</string>
			</array>
			<key>isa</key>
			<string>PBXGroup</string>
			<key>path</key>
			<string>SAPExtensions</string>
			<key>sourceTree</key>
			<string>&lt;group&gt;</string>
		</dict>
		<key>CAC751A31C84A08000265578</key>
		<dict>
			<key>fileEncoding</key>
			<string>4</string>
			<key>isa</key>
			<string>PBXFileReference</string>
			<key>lastKnownFileType</key>
			<string>sourcecode.c.h</string>
			<key>path</key>
			<string>NSString+SAPExtensions.h</string>
			<key>sourceTree</key>
			<string>&lt;group&gt;</string>
		</dict>
		<key>CAC751A41C84A08000265578</key>
		<dict>
			<key>fileEncoding</key>
			<string>4</string>
			<key>isa</key>
			<string>PBXFileReference</string>
			<key>lastKnownFileType</key>
			<string>sourcecode.c.objc</string>
			<key>path</key>
			<string>NSString+SAPExtensions.m</string>
			<key>sourceTree</key>
			<string>&lt;group&gt;</string>
		</dict>
		<key>CAC751A51C84A08000265578</key>
		<dict>
			<key>fileRef</key>
			<string>CAC751A41C84A08000265578</string>
			<key>isa</key>
			<string>PBXBuildFile</string>
		</dict>
		<key>CAC751AA1C85B1E700265578</key>
		<dict>
			<key>children</key>
			<array>
				<string>CAC751AB1C85B20300265578</string>
				<string>CAC751AC1C85B20300265578</string>
			</array>
			<key>isa</key>
			<string>PBXGroup</string>
			<key>path</key>
			<string>SAPExtentions</string>
			<key>sourceTree</key>
			<string>&lt;group&gt;</string>
		</dict>
		<key>CAC751AB1C85B20300265578</key>
		<dict>
			<key>fileEncoding</key>
			<string>4</string>
			<key>isa</key>
			<string>PBXFileReference</string>
			<key>lastKnownFileType</key>
			<string>sourcecode.c.h</string>
			<key>path</key>
			<string>NSObject+SAPExtensions.h</string>
			<key>sourceTree</key>
			<string>&lt;group&gt;</string>
		</dict>
		<key>CAC751AC1C85B20300265578</key>
		<dict>
			<key>fileEncoding</key>
			<string>4</string>
			<key>isa</key>
			<string>PBXFileReference</string>
			<key>lastKnownFileType</key>
			<string>sourcecode.c.objc</string>
			<key>path</key>
			<string>NSObject+SAPExtensions.m</string>
			<key>sourceTree</key>
			<string>&lt;group&gt;</string>
		</dict>
		<key>CAC751AD1C85B20300265578</key>
		<dict>
			<key>fileRef</key>
			<string>CAC751AC1C85B20300265578</string>
			<key>isa</key>
			<string>PBXBuildFile</string>
		</dict>
		<key>CAC751AE1C85B35D00265578</key>
		<dict>
			<key>children</key>
			<array>
				<string>CAC751B21C85B4A700265578</string>
				<string>CAC751B31C85B4A700265578</string>
			</array>
			<key>isa</key>
			<string>PBXGroup</string>
			<key>path</key>
			<string>NSNumber</string>
			<key>sourceTree</key>
			<string>&lt;group&gt;</string>
		</dict>
		<key>CAC751B21C85B4A700265578</key>
		<dict>
			<key>fileEncoding</key>
			<string>4</string>
			<key>isa</key>
			<string>PBXFileReference</string>
			<key>lastKnownFileType</key>
			<string>sourcecode.c.h</string>
			<key>path</key>
			<string>NSNumber+SAPExtentions.h</string>
			<key>sourceTree</key>
			<string>&lt;group&gt;</string>
		</dict>
		<key>CAC751B31C85B4A700265578</key>
		<dict>
			<key>fileEncoding</key>
			<string>4</string>
			<key>isa</key>
			<string>PBXFileReference</string>
			<key>lastKnownFileType</key>
			<string>sourcecode.c.objc</string>
			<key>path</key>
			<string>NSNumber+SAPExtentions.m</string>
			<key>sourceTree</key>
			<string>&lt;group&gt;</string>
		</dict>
		<key>CAC751B61C85B4A700265578</key>
		<dict>
			<key>fileRef</key>
			<string>CAC751B31C85B4A700265578</string>
			<key>isa</key>
			<string>PBXBuildFile</string>
		</dict>
		<key>CAC751B81C85B50D00265578</key>
		<dict>
			<key>children</key>
			<array>
				<string>CAC751B91C85B56D00265578</string>
				<string>CAC751BA1C85B56D00265578</string>
			</array>
			<key>isa</key>
			<string>PBXGroup</string>
			<key>path</key>
			<string>SAPNumberGeneratorArray</string>
			<key>sourceTree</key>
			<string>&lt;group&gt;</string>
		</dict>
		<key>CAC751B91C85B56D00265578</key>
		<dict>
			<key>fileEncoding</key>
			<string>4</string>
			<key>isa</key>
			<string>PBXFileReference</string>
			<key>lastKnownFileType</key>
			<string>sourcecode.c.h</string>
			<key>path</key>
			<string>SAPNumberGeneratorArray.h</string>
			<key>sourceTree</key>
			<string>&lt;group&gt;</string>
		</dict>
		<key>CAC751BA1C85B56D00265578</key>
		<dict>
			<key>fileEncoding</key>
			<string>4</string>
			<key>isa</key>
			<string>PBXFileReference</string>
			<key>lastKnownFileType</key>
			<string>sourcecode.c.objc</string>
			<key>path</key>
			<string>SAPNumberGeneratorArray.m</string>
			<key>sourceTree</key>
			<string>&lt;group&gt;</string>
		</dict>
		<key>CAC751BB1C85B56D00265578</key>
		<dict>
			<key>fileRef</key>
			<string>CAC751BA1C85B56D00265578</string>
			<key>isa</key>
			<string>PBXBuildFile</string>
		</dict>
		<key>CAC751C01C85F35400265578</key>
		<dict>
			<key>children</key>
			<array>
				<string>CAC751C11C85F35400265578</string>
				<string>CAC751C21C85F35400265578</string>
			</array>
			<key>isa</key>
			<string>PBXGroup</string>
			<key>path</key>
			<string>NSPathUtilities</string>
			<key>sourceTree</key>
			<string>&lt;group&gt;</string>
		</dict>
		<key>CAC751C11C85F35400265578</key>
		<dict>
			<key>fileEncoding</key>
			<string>4</string>
			<key>isa</key>
			<string>PBXFileReference</string>
			<key>lastKnownFileType</key>
			<string>sourcecode.c.h</string>
			<key>path</key>
			<string>NSPathUtilities+SAPExtensions.h</string>
			<key>sourceTree</key>
			<string>&lt;group&gt;</string>
		</dict>
		<key>CAC751C21C85F35400265578</key>
		<dict>
			<key>fileEncoding</key>
			<string>4</string>
			<key>isa</key>
			<string>PBXFileReference</string>
			<key>lastKnownFileType</key>
			<string>sourcecode.c.objc</string>
			<key>path</key>
			<string>NSPathUtilities+SAPExtensions.m</string>
			<key>sourceTree</key>
			<string>&lt;group&gt;</string>
		</dict>
		<key>CAC751C31C85F35400265578</key>
		<dict>
			<key>fileRef</key>
			<string>CAC751C21C85F35400265578</string>
			<key>isa</key>
			<string>PBXBuildFile</string>
		</dict>
		<key>CAC751C41C88614D00265578</key>
		<dict>
			<key>children</key>
			<array>
				<string>CAC751C51C88619300265578</string>
				<string>CAC751C61C88619300265578</string>
			</array>
			<key>isa</key>
			<string>PBXGroup</string>
			<key>name</key>
			<string>SAPImageModel</string>
			<key>path</key>
			<string>Source/Library/Classes/SAPImageModel</string>
			<key>sourceTree</key>
			<string>SOURCE_ROOT</string>
		</dict>
		<key>CAC751C51C88619300265578</key>
		<dict>
			<key>fileEncoding</key>
			<string>4</string>
			<key>isa</key>
			<string>PBXFileReference</string>
			<key>lastKnownFileType</key>
			<string>sourcecode.c.h</string>
			<key>path</key>
			<string>SAPImageModel.h</string>
			<key>sourceTree</key>
			<string>&lt;group&gt;</string>
		</dict>
		<key>CAC751C61C88619300265578</key>
		<dict>
			<key>fileEncoding</key>
			<string>4</string>
			<key>isa</key>
			<string>PBXFileReference</string>
			<key>lastKnownFileType</key>
			<string>sourcecode.c.objc</string>
			<key>path</key>
			<string>SAPImageModel.m</string>
			<key>sourceTree</key>
			<string>&lt;group&gt;</string>
		</dict>
		<key>CAC751C71C88619400265578</key>
		<dict>
			<key>fileRef</key>
			<string>CAC751C61C88619300265578</string>
			<key>isa</key>
			<string>PBXBuildFile</string>
		</dict>
		<key>CAC751D71C8CC8BA00265578</key>
		<dict>
			<key>fileEncoding</key>
			<string>4</string>
			<key>isa</key>
			<string>PBXFileReference</string>
			<key>lastKnownFileType</key>
			<string>sourcecode.c.h</string>
			<key>path</key>
			<string>SAPCacheableModel.h</string>
			<key>sourceTree</key>
			<string>&lt;group&gt;</string>
		</dict>
		<key>CAC751D81C8DBEED00265578</key>
		<dict>
			<key>children</key>
			<array>
				<string>CAC751D91C8DBF0E00265578</string>
				<string>CAC751DA1C8DBF0E00265578</string>
			</array>
			<key>isa</key>
			<string>PBXGroup</string>
			<key>path</key>
			<string>NSURL</string>
			<key>sourceTree</key>
			<string>&lt;group&gt;</string>
		</dict>
		<key>CAC751D91C8DBF0E00265578</key>
		<dict>
			<key>fileEncoding</key>
			<string>4</string>
			<key>isa</key>
			<string>PBXFileReference</string>
			<key>lastKnownFileType</key>
			<string>sourcecode.c.h</string>
			<key>path</key>
			<string>NSURL+SAPExtensions.h</string>
			<key>sourceTree</key>
			<string>&lt;group&gt;</string>
		</dict>
		<key>CAC751DA1C8DBF0E00265578</key>
		<dict>
			<key>fileEncoding</key>
			<string>4</string>
			<key>isa</key>
			<string>PBXFileReference</string>
			<key>lastKnownFileType</key>
			<string>sourcecode.c.objc</string>
			<key>path</key>
			<string>NSURL+SAPExtensions.m</string>
			<key>sourceTree</key>
			<string>&lt;group&gt;</string>
		</dict>
		<key>CAC751DB1C8DBF0F00265578</key>
		<dict>
			<key>fileRef</key>
			<string>CAC751DA1C8DBF0E00265578</string>
			<key>isa</key>
			<string>PBXBuildFile</string>
		</dict>
		<key>CAC751DC1C8DFADA00265578</key>
		<dict>
			<key>children</key>
			<array>
				<string>CAC751DD1C8DFB4000265578</string>
				<string>CAC751DE1C8DFB4000265578</string>
			</array>
			<key>isa</key>
			<string>PBXGroup</string>
			<key>path</key>
			<string>SAPImageView</string>
			<key>sourceTree</key>
			<string>&lt;group&gt;</string>
		</dict>
		<key>CAC751DD1C8DFB4000265578</key>
		<dict>
			<key>fileEncoding</key>
			<string>4</string>
			<key>isa</key>
			<string>PBXFileReference</string>
			<key>lastKnownFileType</key>
			<string>sourcecode.c.h</string>
			<key>path</key>
			<string>SAPImageView.h</string>
			<key>sourceTree</key>
			<string>&lt;group&gt;</string>
		</dict>
		<key>CAC751DE1C8DFB4000265578</key>
		<dict>
			<key>fileEncoding</key>
			<string>4</string>
			<key>isa</key>
			<string>PBXFileReference</string>
			<key>lastKnownFileType</key>
			<string>sourcecode.c.objc</string>
			<key>path</key>
			<string>SAPImageView.m</string>
			<key>sourceTree</key>
			<string>&lt;group&gt;</string>
		</dict>
		<key>CAC751DF1C8DFB4000265578</key>
		<dict>
			<key>fileRef</key>
			<string>CAC751DE1C8DFB4000265578</string>
			<key>isa</key>
			<string>PBXBuildFile</string>
		</dict>
		<key>ED29099FBEDCCA134C5A005C</key>
		<dict>
			<key>explicitFileType</key>
			<string>archive.ar</string>
			<key>includeInIndex</key>
			<string>0</string>
			<key>isa</key>
			<string>PBXFileReference</string>
			<key>path</key>
			<string>libPods-IOSProject.a</string>
			<key>sourceTree</key>
			<string>BUILT_PRODUCTS_DIR</string>
		</dict>
	</dict>
	<key>rootObject</key>
	<string>CAC421631C5A1AA1004E4F1E</string>
</dict>
</plist>
